// !$*UTF8*$!
{
	archiveVersion = 1;
	classes = {
	};
	objectVersion = 56;
	objects = {

/* Begin PBXBuildFile section */
		2F0DE3232A57140F00E73D47 /* HabitExtension.swift in Sources */ = {isa = PBXBuildFile; fileRef = 2F0DE3222A57140F00E73D47 /* HabitExtension.swift */; };
		2F2493242A30D4590009E651 /* PickerPopupView.swift in Sources */ = {isa = PBXBuildFile; fileRef = 2F2493232A30D4590009E651 /* PickerPopupView.swift */; };
		2F2B52972A68DE2C004C904D /* AlertWrapperView.swift in Sources */ = {isa = PBXBuildFile; fileRef = 2F2B52962A68DE2C004C904D /* AlertWrapperView.swift */; };
		2F2F61252A487F1F00CE065D /* PopupView.swift in Sources */ = {isa = PBXBuildFile; fileRef = 2F2F61242A487F1F00CE065D /* PopupView.swift */; };
		2F32C76D2A108F5E008CDF7E /* BottomSheetView.swift in Sources */ = {isa = PBXBuildFile; fileRef = 2F32C76C2A108F5E008CDF7E /* BottomSheetView.swift */; };
		2F32C7702A10DD93008CDF7E /* CreatTaskForm.swift in Sources */ = {isa = PBXBuildFile; fileRef = 2F32C76F2A10DD93008CDF7E /* CreatTaskForm.swift */; };
		2F3936B62A5A6B4E0092264E /* HabitStatisticFrequencyGraph.swift in Sources */ = {isa = PBXBuildFile; fileRef = 2F3936B52A5A6B4E0092264E /* HabitStatisticFrequencyGraph.swift */; };
		2F3936B82A5EA42B0092264E /* ColorExtension.swift in Sources */ = {isa = PBXBuildFile; fileRef = 2F3936B72A5EA42B0092264E /* ColorExtension.swift */; };
		2F39E0712A84C9C500161B23 /* UIView_Animation_Extension.swift in Sources */ = {isa = PBXBuildFile; fileRef = 2F39E0702A84C9C500161B23 /* UIView_Animation_Extension.swift */; };
		2F430E5B2A500665005DC88D /* HabitTrackerStatisticViewModel.swift in Sources */ = {isa = PBXBuildFile; fileRef = 2F430E5A2A500665005DC88D /* HabitTrackerStatisticViewModel.swift */; };
		2F4F563C2A3EB33300EC144D /* HabitDetailView.swift in Sources */ = {isa = PBXBuildFile; fileRef = 2F4F563B2A3EB33300EC144D /* HabitDetailView.swift */; };
		2F511F2A2A0CCFD400AC5328 /* TaskListView.swift in Sources */ = {isa = PBXBuildFile; fileRef = 2F511F292A0CCFD400AC5328 /* TaskListView.swift */; };
		2F5298FF29F20E0A0018B8CA /* HabitTrackerApp.swift in Sources */ = {isa = PBXBuildFile; fileRef = 2F5298FE29F20E0A0018B8CA /* HabitTrackerApp.swift */; };
		2F52990129F20E0A0018B8CA /* RootView.swift in Sources */ = {isa = PBXBuildFile; fileRef = 2F52990029F20E0A0018B8CA /* RootView.swift */; };
		2F52990329F20E0E0018B8CA /* Assets.xcassets in Resources */ = {isa = PBXBuildFile; fileRef = 2F52990229F20E0E0018B8CA /* Assets.xcassets */; };
		2F52990629F20E0E0018B8CA /* Preview Assets.xcassets in Resources */ = {isa = PBXBuildFile; fileRef = 2F52990529F20E0E0018B8CA /* Preview Assets.xcassets */; };
		2F52990829F20E0E0018B8CA /* Persistence.swift in Sources */ = {isa = PBXBuildFile; fileRef = 2F52990729F20E0E0018B8CA /* Persistence.swift */; };
		2F52990B29F20E0E0018B8CA /* HabitTrackerDataModel.xcdatamodeld in Sources */ = {isa = PBXBuildFile; fileRef = 2F52990929F20E0E0018B8CA /* HabitTrackerDataModel.xcdatamodeld */; };
		2F5651C42AE973B50025FF14 /* HabitStatisticalCell.swift in Sources */ = {isa = PBXBuildFile; fileRef = 2F5651C32AE973B50025FF14 /* HabitStatisticalCell.swift */; };
		2F5BBC312A8C990F00579D5D /* CustomViewControllers.swift in Sources */ = {isa = PBXBuildFile; fileRef = 2F5BBC302A8C990F00579D5D /* CustomViewControllers.swift */; };
		2F5CF99D2A6B7EC000BA9826 /* StatisticalView.swift in Sources */ = {isa = PBXBuildFile; fileRef = 2F5CF99C2A6B7EC000BA9826 /* StatisticalView.swift */; };
		2F5D9DA52B6E8B2700399975 /* ProjectViews.swift in Sources */ = {isa = PBXBuildFile; fileRef = 2F5D9DA42B6E8B2700399975 /* ProjectViews.swift */; };
		2F5D9DA72B6F755000399975 /* Projects.swift in Sources */ = {isa = PBXBuildFile; fileRef = 2F5D9DA62B6F755000399975 /* Projects.swift */; };
		2F5D9DA92B6FEA7400399975 /* ProjectViewModel.swift in Sources */ = {isa = PBXBuildFile; fileRef = 2F5D9DA82B6FEA7400399975 /* ProjectViewModel.swift */; };
		2F5D9DAB2B712B7E00399975 /* CreatProjectForm.swift in Sources */ = {isa = PBXBuildFile; fileRef = 2F5D9DAA2B712B7E00399975 /* CreatProjectForm.swift */; };
		2F5D9DAE2B712C6100399975 /* CreatProjectFormContent.swift in Sources */ = {isa = PBXBuildFile; fileRef = 2F5D9DAD2B712C6100399975 /* CreatProjectFormContent.swift */; };
		2F5D9DB32B77746300399975 /* GlobalPopupView.swift in Sources */ = {isa = PBXBuildFile; fileRef = 2F5D9DB22B77746300399975 /* GlobalPopupView.swift */; };
		2F5D9DB52B77B20F00399975 /* GlobalPopupManager.swift in Sources */ = {isa = PBXBuildFile; fileRef = 2F5D9DB42B77B20F00399975 /* GlobalPopupManager.swift */; };
		2F5D9DB72B7C645100399975 /* RootViewController.swift in Sources */ = {isa = PBXBuildFile; fileRef = 2F5D9DB62B7C645100399975 /* RootViewController.swift */; };
		2F5F9A772B37D7D300CBCFEF /* DataModels.swift in Sources */ = {isa = PBXBuildFile; fileRef = 2F5F9A762B37D7D300CBCFEF /* DataModels.swift */; };
		2F5F9A792B3884DA00CBCFEF /* Todo.swift in Sources */ = {isa = PBXBuildFile; fileRef = 2F5F9A782B3884DA00CBCFEF /* Todo.swift */; };
		2F5F9A7B2B3C6CDE00CBCFEF /* TodoViewModel.swift in Sources */ = {isa = PBXBuildFile; fileRef = 2F5F9A7A2B3C6CDE00CBCFEF /* TodoViewModel.swift */; };
		2F5F9A7D2B3C6F3200CBCFEF /* HabitViewModel.swift in Sources */ = {isa = PBXBuildFile; fileRef = 2F5F9A7C2B3C6F3200CBCFEF /* HabitViewModel.swift */; };
		2F61D46C2A5888A200535919 /* timeExtension.swift in Sources */ = {isa = PBXBuildFile; fileRef = 2F61D46B2A5888A200535919 /* timeExtension.swift */; };
		2F63AE242A1FC39600BFBD5F /* Shapes.swift in Sources */ = {isa = PBXBuildFile; fileRef = 2F63AE232A1FC39600BFBD5F /* Shapes.swift */; };
		2F7072192A8B1BB30054702F /* HabitTrackerStatisticalDetailViewModel.swift in Sources */ = {isa = PBXBuildFile; fileRef = 2F7072182A8B1BB30054702F /* HabitTrackerStatisticalDetailViewModel.swift */; };
		2F70F27D2A5467AC002C4A17 /* HabitRecord.swift in Sources */ = {isa = PBXBuildFile; fileRef = 2F70F27C2A5467AC002C4A17 /* HabitRecord.swift */; };
		2F7381632B406B34000E767A /* TaskCardViews.swift in Sources */ = {isa = PBXBuildFile; fileRef = 2F7381622B406B34000E767A /* TaskCardViews.swift */; };
		2F7381652B411ACB000E767A /* NumberExtensions.swift in Sources */ = {isa = PBXBuildFile; fileRef = 2F7381642B411ACB000E767A /* NumberExtensions.swift */; };
		2F7381682B41AE20000E767A /* CreatHabitForm.swift in Sources */ = {isa = PBXBuildFile; fileRef = 2F7381672B41AE20000E767A /* CreatHabitForm.swift */; };
		2F73816B2B41B649000E767A /* CreatTodoForm.swift in Sources */ = {isa = PBXBuildFile; fileRef = 2F73816A2B41B649000E767A /* CreatTodoForm.swift */; };
		2F7551552B2D9EEA00DC0C19 /* ViewModifiers.swift in Sources */ = {isa = PBXBuildFile; fileRef = 2F7551542B2D9EEA00DC0C19 /* ViewModifiers.swift */; };
		2F8418A02A46CB2100F20BD0 /* Habits.swift in Sources */ = {isa = PBXBuildFile; fileRef = 2F84189F2A46CB2100F20BD0 /* Habits.swift */; };
		2F8418A22A472F3B00F20BD0 /* HabitTarget.swift in Sources */ = {isa = PBXBuildFile; fileRef = 2F8418A12A472F3B00F20BD0 /* HabitTarget.swift */; };
		2F9141B42A837DE100E53509 /* ViewControllerWrapper.swift in Sources */ = {isa = PBXBuildFile; fileRef = 2F9141B32A837DE100E53509 /* ViewControllerWrapper.swift */; };
		2FAFDC412A86787200AFD31E /* CustomSegmentedControl.swift in Sources */ = {isa = PBXBuildFile; fileRef = 2FAFDC402A86787200AFD31E /* CustomSegmentedControl.swift */; };
		2FB317042A1021E800B0D7DE /* DateSwipeBarView.swift in Sources */ = {isa = PBXBuildFile; fileRef = 2FB317032A1021E800B0D7DE /* DateSwipeBarView.swift */; };
		2FB317062A117EB300B0D7DE /* TaskMasterViewModel.swift in Sources */ = {isa = PBXBuildFile; fileRef = 2FB317052A117EB300B0D7DE /* TaskMasterViewModel.swift */; };
		2FB384212A1692CC00822E46 /* TestAnimation.swift in Sources */ = {isa = PBXBuildFile; fileRef = 2FB384202A1692CC00822E46 /* TestAnimation.swift */; };
		2FBC52EA2A1468DF00C4992E /* ViewExtensions.swift in Sources */ = {isa = PBXBuildFile; fileRef = 2FBC52E92A1468DF00C4992E /* ViewExtensions.swift */; };
		2FCA285F2A1375B9006AAD9B /* drawTest.swift in Sources */ = {isa = PBXBuildFile; fileRef = 2FCA285E2A1375B9006AAD9B /* drawTest.swift */; };
		2FCA28612A1378A9006AAD9B /* DefaultIslandBackgroundView.swift in Sources */ = {isa = PBXBuildFile; fileRef = 2FCA28602A1378A9006AAD9B /* DefaultIslandBackgroundView.swift */; };
		2FCB0FCC2A3EFDFE007DBA4E /* StopCheckPoint.swift in Sources */ = {isa = PBXBuildFile; fileRef = 2FCB0FCB2A3EFDFE007DBA4E /* StopCheckPoint.swift */; };
		2FCB0FCE2A3F57D5007DBA4E /* DateExtension.swift in Sources */ = {isa = PBXBuildFile; fileRef = 2FCB0FCD2A3F57D5007DBA4E /* DateExtension.swift */; };
		2FCBC5C92B46BE45003D946E /* TaskTableViewController+Cell+View.swift in Sources */ = {isa = PBXBuildFile; fileRef = 2FCBC5C82B46BE45003D946E /* TaskTableViewController+Cell+View.swift */; };
		2FDA257729F47678005466AE /* HabitTrackerModel.swift in Sources */ = {isa = PBXBuildFile; fileRef = 2FDA257629F47678005466AE /* HabitTrackerModel.swift */; };
		2FDAFFED2A0CCD75002AEA85 /* PersistenceController.swift in Sources */ = {isa = PBXBuildFile; fileRef = 2FDAFFEC2A0CCD75002AEA85 /* PersistenceController.swift */; };
		2FE2BAB12ABA26560045385E /* PopupManager.swift in Sources */ = {isa = PBXBuildFile; fileRef = 2FE2BAB02ABA26560045385E /* PopupManager.swift */; };
		2FE538CF2A88D34600A03C26 /* StatisticalDetailView.swift in Sources */ = {isa = PBXBuildFile; fileRef = 2FE538CE2A88D34600A03C26 /* StatisticalDetailView.swift */; };
		2FEA90E42B5BB81C00B45650 /* Neumorphic in Frameworks */ = {isa = PBXBuildFile; productRef = 2FEA90E32B5BB81C00B45650 /* Neumorphic */; };
		2FEA90E62B65734C00B45650 /* ImageResources.swift in Sources */ = {isa = PBXBuildFile; fileRef = 2FEA90E52B65734C00B45650 /* ImageResources.swift */; };
		2FEA90E82B66A7E300B45650 /* CustomCalendarView.swift in Sources */ = {isa = PBXBuildFile; fileRef = 2FEA90E72B66A7E300B45650 /* CustomCalendarView.swift */; };
		2FEA90EB2B68006200B45650 /* WeeklyCalendarBar.swift in Sources */ = {isa = PBXBuildFile; fileRef = 2FEA90EA2B68006200B45650 /* WeeklyCalendarBar.swift */; };
		2FEF07132B4AD904002EB57D /* CustomViewsInForm.swift in Sources */ = {isa = PBXBuildFile; fileRef = 2FEF07122B4AD904002EB57D /* CustomViewsInForm.swift */; };
		2FF2C2462B4F03E000A81325 /* SceneDelegate.swift in Sources */ = {isa = PBXBuildFile; fileRef = 2FF2C2452B4F03E000A81325 /* SceneDelegate.swift */; };
		2FFDF16A2A7F830700027AFE /* InitView.swift in Sources */ = {isa = PBXBuildFile; fileRef = 2FFDF1692A7F830700027AFE /* InitView.swift */; };
/* End PBXBuildFile section */

/* Begin PBXFileReference section */
		2F0DE3222A57140F00E73D47 /* HabitExtension.swift */ = {isa = PBXFileReference; lastKnownFileType = sourcecode.swift; path = HabitExtension.swift; sourceTree = "<group>"; };
		2F2493232A30D4590009E651 /* PickerPopupView.swift */ = {isa = PBXFileReference; lastKnownFileType = sourcecode.swift; path = PickerPopupView.swift; sourceTree = "<group>"; };
		2F2B52962A68DE2C004C904D /* AlertWrapperView.swift */ = {isa = PBXFileReference; lastKnownFileType = sourcecode.swift; path = AlertWrapperView.swift; sourceTree = "<group>"; };
		2F2F61242A487F1F00CE065D /* PopupView.swift */ = {isa = PBXFileReference; lastKnownFileType = sourcecode.swift; path = PopupView.swift; sourceTree = "<group>"; };
		2F32C76C2A108F5E008CDF7E /* BottomSheetView.swift */ = {isa = PBXFileReference; lastKnownFileType = sourcecode.swift; path = BottomSheetView.swift; sourceTree = "<group>"; };
		2F32C76F2A10DD93008CDF7E /* CreatTaskForm.swift */ = {isa = PBXFileReference; lastKnownFileType = sourcecode.swift; path = CreatTaskForm.swift; sourceTree = "<group>"; };
		2F3936B52A5A6B4E0092264E /* HabitStatisticFrequencyGraph.swift */ = {isa = PBXFileReference; lastKnownFileType = sourcecode.swift; path = HabitStatisticFrequencyGraph.swift; sourceTree = "<group>"; };
		2F3936B72A5EA42B0092264E /* ColorExtension.swift */ = {isa = PBXFileReference; lastKnownFileType = sourcecode.swift; path = ColorExtension.swift; sourceTree = "<group>"; };
		2F39E0702A84C9C500161B23 /* UIView_Animation_Extension.swift */ = {isa = PBXFileReference; lastKnownFileType = sourcecode.swift; path = UIView_Animation_Extension.swift; sourceTree = "<group>"; };
		2F3DC6C32AED400B00C78BE6 /* SwiftUI.framework */ = {isa = PBXFileReference; lastKnownFileType = wrapper.framework; name = SwiftUI.framework; path = System/Library/Frameworks/SwiftUI.framework; sourceTree = SDKROOT; };
		2F430E5A2A500665005DC88D /* HabitTrackerStatisticViewModel.swift */ = {isa = PBXFileReference; lastKnownFileType = sourcecode.swift; path = HabitTrackerStatisticViewModel.swift; sourceTree = "<group>"; };
		2F4F563B2A3EB33300EC144D /* HabitDetailView.swift */ = {isa = PBXFileReference; lastKnownFileType = sourcecode.swift; path = HabitDetailView.swift; sourceTree = "<group>"; };
		2F511F292A0CCFD400AC5328 /* TaskListView.swift */ = {isa = PBXFileReference; lastKnownFileType = sourcecode.swift; path = TaskListView.swift; sourceTree = "<group>"; };
		2F5298FB29F20E0A0018B8CA /* HabitTracker.app */ = {isa = PBXFileReference; explicitFileType = wrapper.application; includeInIndex = 0; path = HabitTracker.app; sourceTree = BUILT_PRODUCTS_DIR; };
		2F5298FE29F20E0A0018B8CA /* HabitTrackerApp.swift */ = {isa = PBXFileReference; lastKnownFileType = sourcecode.swift; path = HabitTrackerApp.swift; sourceTree = "<group>"; };
		2F52990029F20E0A0018B8CA /* RootView.swift */ = {isa = PBXFileReference; lastKnownFileType = sourcecode.swift; path = RootView.swift; sourceTree = "<group>"; };
		2F52990229F20E0E0018B8CA /* Assets.xcassets */ = {isa = PBXFileReference; lastKnownFileType = folder.assetcatalog; path = Assets.xcassets; sourceTree = "<group>"; };
		2F52990529F20E0E0018B8CA /* Preview Assets.xcassets */ = {isa = PBXFileReference; lastKnownFileType = folder.assetcatalog; path = "Preview Assets.xcassets"; sourceTree = "<group>"; };
		2F52990729F20E0E0018B8CA /* Persistence.swift */ = {isa = PBXFileReference; lastKnownFileType = sourcecode.swift; path = Persistence.swift; sourceTree = "<group>"; };
		2F52990A29F20E0E0018B8CA /* HabitTracker.xcdatamodel */ = {isa = PBXFileReference; lastKnownFileType = wrapper.xcdatamodel; path = HabitTracker.xcdatamodel; sourceTree = "<group>"; };
		2F52990C29F20E0E0018B8CA /* Info.plist */ = {isa = PBXFileReference; lastKnownFileType = text.plist.xml; path = Info.plist; sourceTree = "<group>"; };
		2F52991529F20E0F0018B8CA /* HabitTrackerTests.swift */ = {isa = PBXFileReference; lastKnownFileType = sourcecode.swift; path = HabitTrackerTests.swift; sourceTree = "<group>"; };
		2F52991F29F20E0F0018B8CA /* HabitTrackerUITests.swift */ = {isa = PBXFileReference; lastKnownFileType = sourcecode.swift; path = HabitTrackerUITests.swift; sourceTree = "<group>"; };
		2F52992129F20E0F0018B8CA /* HabitTrackerUITestsLaunchTests.swift */ = {isa = PBXFileReference; lastKnownFileType = sourcecode.swift; path = HabitTrackerUITestsLaunchTests.swift; sourceTree = "<group>"; };
		2F5651C32AE973B50025FF14 /* HabitStatisticalCell.swift */ = {isa = PBXFileReference; lastKnownFileType = sourcecode.swift; path = HabitStatisticalCell.swift; sourceTree = "<group>"; };
		2F5BBC302A8C990F00579D5D /* CustomViewControllers.swift */ = {isa = PBXFileReference; lastKnownFileType = sourcecode.swift; path = CustomViewControllers.swift; sourceTree = "<group>"; };
		2F5CF99C2A6B7EC000BA9826 /* StatisticalView.swift */ = {isa = PBXFileReference; lastKnownFileType = sourcecode.swift; path = StatisticalView.swift; sourceTree = "<group>"; };
		2F5D9DA42B6E8B2700399975 /* ProjectViews.swift */ = {isa = PBXFileReference; lastKnownFileType = sourcecode.swift; path = ProjectViews.swift; sourceTree = "<group>"; };
		2F5D9DA62B6F755000399975 /* Projects.swift */ = {isa = PBXFileReference; lastKnownFileType = sourcecode.swift; path = Projects.swift; sourceTree = "<group>"; };
		2F5D9DA82B6FEA7400399975 /* ProjectViewModel.swift */ = {isa = PBXFileReference; lastKnownFileType = sourcecode.swift; path = ProjectViewModel.swift; sourceTree = "<group>"; };
		2F5D9DAA2B712B7E00399975 /* CreatProjectForm.swift */ = {isa = PBXFileReference; lastKnownFileType = sourcecode.swift; path = CreatProjectForm.swift; sourceTree = "<group>"; };
		2F5D9DAD2B712C6100399975 /* CreatProjectFormContent.swift */ = {isa = PBXFileReference; lastKnownFileType = sourcecode.swift; path = CreatProjectFormContent.swift; sourceTree = "<group>"; };
		2F5D9DB22B77746300399975 /* GlobalPopupView.swift */ = {isa = PBXFileReference; lastKnownFileType = sourcecode.swift; path = GlobalPopupView.swift; sourceTree = "<group>"; };
		2F5D9DB42B77B20F00399975 /* GlobalPopupManager.swift */ = {isa = PBXFileReference; lastKnownFileType = sourcecode.swift; path = GlobalPopupManager.swift; sourceTree = "<group>"; };
		2F5D9DB62B7C645100399975 /* RootViewController.swift */ = {isa = PBXFileReference; lastKnownFileType = sourcecode.swift; path = RootViewController.swift; sourceTree = "<group>"; };
		2F5F9A762B37D7D300CBCFEF /* DataModels.swift */ = {isa = PBXFileReference; lastKnownFileType = sourcecode.swift; path = DataModels.swift; sourceTree = "<group>"; };
		2F5F9A782B3884DA00CBCFEF /* Todo.swift */ = {isa = PBXFileReference; lastKnownFileType = sourcecode.swift; path = Todo.swift; sourceTree = "<group>"; };
		2F5F9A7A2B3C6CDE00CBCFEF /* TodoViewModel.swift */ = {isa = PBXFileReference; lastKnownFileType = sourcecode.swift; path = TodoViewModel.swift; sourceTree = "<group>"; };
		2F5F9A7C2B3C6F3200CBCFEF /* HabitViewModel.swift */ = {isa = PBXFileReference; lastKnownFileType = sourcecode.swift; path = HabitViewModel.swift; sourceTree = "<group>"; };
		2F61D46B2A5888A200535919 /* timeExtension.swift */ = {isa = PBXFileReference; lastKnownFileType = sourcecode.swift; path = timeExtension.swift; sourceTree = "<group>"; };
		2F63AE232A1FC39600BFBD5F /* Shapes.swift */ = {isa = PBXFileReference; lastKnownFileType = sourcecode.swift; path = Shapes.swift; sourceTree = "<group>"; };
		2F7072182A8B1BB30054702F /* HabitTrackerStatisticalDetailViewModel.swift */ = {isa = PBXFileReference; lastKnownFileType = sourcecode.swift; path = HabitTrackerStatisticalDetailViewModel.swift; sourceTree = "<group>"; };
		2F70F27C2A5467AC002C4A17 /* HabitRecord.swift */ = {isa = PBXFileReference; lastKnownFileType = sourcecode.swift; path = HabitRecord.swift; sourceTree = "<group>"; };
		2F7381622B406B34000E767A /* TaskCardViews.swift */ = {isa = PBXFileReference; lastKnownFileType = sourcecode.swift; path = TaskCardViews.swift; sourceTree = "<group>"; };
		2F7381642B411ACB000E767A /* NumberExtensions.swift */ = {isa = PBXFileReference; lastKnownFileType = sourcecode.swift; path = NumberExtensions.swift; sourceTree = "<group>"; };
		2F7381672B41AE20000E767A /* CreatHabitForm.swift */ = {isa = PBXFileReference; lastKnownFileType = sourcecode.swift; path = CreatHabitForm.swift; sourceTree = "<group>"; };
		2F73816A2B41B649000E767A /* CreatTodoForm.swift */ = {isa = PBXFileReference; lastKnownFileType = sourcecode.swift; path = CreatTodoForm.swift; sourceTree = "<group>"; };
		2F7551542B2D9EEA00DC0C19 /* ViewModifiers.swift */ = {isa = PBXFileReference; lastKnownFileType = sourcecode.swift; path = ViewModifiers.swift; sourceTree = "<group>"; };
		2F84189F2A46CB2100F20BD0 /* Habits.swift */ = {isa = PBXFileReference; lastKnownFileType = sourcecode.swift; path = Habits.swift; sourceTree = "<group>"; };
		2F8418A12A472F3B00F20BD0 /* HabitTarget.swift */ = {isa = PBXFileReference; lastKnownFileType = sourcecode.swift; path = HabitTarget.swift; sourceTree = "<group>"; };
		2F9141B32A837DE100E53509 /* ViewControllerWrapper.swift */ = {isa = PBXFileReference; lastKnownFileType = sourcecode.swift; path = ViewControllerWrapper.swift; sourceTree = "<group>"; };
		2FAFDC402A86787200AFD31E /* CustomSegmentedControl.swift */ = {isa = PBXFileReference; lastKnownFileType = sourcecode.swift; path = CustomSegmentedControl.swift; sourceTree = "<group>"; };
		2FB317032A1021E800B0D7DE /* DateSwipeBarView.swift */ = {isa = PBXFileReference; lastKnownFileType = sourcecode.swift; path = DateSwipeBarView.swift; sourceTree = "<group>"; };
		2FB317052A117EB300B0D7DE /* TaskMasterViewModel.swift */ = {isa = PBXFileReference; lastKnownFileType = sourcecode.swift; path = TaskMasterViewModel.swift; sourceTree = "<group>"; };
		2FB384202A1692CC00822E46 /* TestAnimation.swift */ = {isa = PBXFileReference; lastKnownFileType = sourcecode.swift; path = TestAnimation.swift; sourceTree = "<group>"; };
		2FBC52E92A1468DF00C4992E /* ViewExtensions.swift */ = {isa = PBXFileReference; lastKnownFileType = sourcecode.swift; path = ViewExtensions.swift; sourceTree = "<group>"; };
		2FCA285E2A1375B9006AAD9B /* drawTest.swift */ = {isa = PBXFileReference; lastKnownFileType = sourcecode.swift; path = drawTest.swift; sourceTree = "<group>"; };
		2FCA28602A1378A9006AAD9B /* DefaultIslandBackgroundView.swift */ = {isa = PBXFileReference; lastKnownFileType = sourcecode.swift; path = DefaultIslandBackgroundView.swift; sourceTree = "<group>"; };
		2FCB0FCB2A3EFDFE007DBA4E /* StopCheckPoint.swift */ = {isa = PBXFileReference; lastKnownFileType = sourcecode.swift; path = StopCheckPoint.swift; sourceTree = "<group>"; };
		2FCB0FCD2A3F57D5007DBA4E /* DateExtension.swift */ = {isa = PBXFileReference; lastKnownFileType = sourcecode.swift; path = DateExtension.swift; sourceTree = "<group>"; };
		2FCBC5C82B46BE45003D946E /* TaskTableViewController+Cell+View.swift */ = {isa = PBXFileReference; lastKnownFileType = sourcecode.swift; path = "TaskTableViewController+Cell+View.swift"; sourceTree = "<group>"; };
		2FDA257629F47678005466AE /* HabitTrackerModel.swift */ = {isa = PBXFileReference; lastKnownFileType = sourcecode.swift; path = HabitTrackerModel.swift; sourceTree = "<group>"; };
		2FDAFFEC2A0CCD75002AEA85 /* PersistenceController.swift */ = {isa = PBXFileReference; lastKnownFileType = sourcecode.swift; path = PersistenceController.swift; sourceTree = "<group>"; };
		2FE2BAB02ABA26560045385E /* PopupManager.swift */ = {isa = PBXFileReference; fileEncoding = 4; lastKnownFileType = sourcecode.swift; path = PopupManager.swift; sourceTree = "<group>"; };
		2FE538CE2A88D34600A03C26 /* StatisticalDetailView.swift */ = {isa = PBXFileReference; lastKnownFileType = sourcecode.swift; path = StatisticalDetailView.swift; sourceTree = "<group>"; };
		2FEA90E52B65734C00B45650 /* ImageResources.swift */ = {isa = PBXFileReference; lastKnownFileType = sourcecode.swift; path = ImageResources.swift; sourceTree = "<group>"; };
		2FEA90E72B66A7E300B45650 /* CustomCalendarView.swift */ = {isa = PBXFileReference; lastKnownFileType = sourcecode.swift; path = CustomCalendarView.swift; sourceTree = "<group>"; };
		2FEA90EA2B68006200B45650 /* WeeklyCalendarBar.swift */ = {isa = PBXFileReference; lastKnownFileType = sourcecode.swift; path = WeeklyCalendarBar.swift; sourceTree = "<group>"; };
		2FEF07122B4AD904002EB57D /* CustomViewsInForm.swift */ = {isa = PBXFileReference; lastKnownFileType = sourcecode.swift; path = CustomViewsInForm.swift; sourceTree = "<group>"; };
		2FF2C2452B4F03E000A81325 /* SceneDelegate.swift */ = {isa = PBXFileReference; lastKnownFileType = sourcecode.swift; path = SceneDelegate.swift; sourceTree = "<group>"; };
		2FFDF1692A7F830700027AFE /* InitView.swift */ = {isa = PBXFileReference; lastKnownFileType = sourcecode.swift; path = InitView.swift; sourceTree = "<group>"; };
/* End PBXFileReference section */

/* Begin PBXFrameworksBuildPhase section */
		2F5298F829F20E0A0018B8CA /* Frameworks */ = {
			isa = PBXFrameworksBuildPhase;
			buildActionMask = 2147483647;
			files = (
				2FEA90E42B5BB81C00B45650 /* Neumorphic in Frameworks */,
			);
			runOnlyForDeploymentPostprocessing = 0;
		};
/* End PBXFrameworksBuildPhase section */

/* Begin PBXGroup section */
		2F0DE3212A570C3400E73D47 /* OldPopup */ = {
			isa = PBXGroup;
			children = (
				2FE2BAB02ABA26560045385E /* PopupManager.swift */,
				2F2F61242A487F1F00CE065D /* PopupView.swift */,
			);
			path = OldPopup;
			sourceTree = "<group>";
		};
		2F32C76E2A10DD54008CDF7E /* ViewModel */ = {
			isa = PBXGroup;
			children = (
				2FB317052A117EB300B0D7DE /* TaskMasterViewModel.swift */,
				2F5F9A7C2B3C6F3200CBCFEF /* HabitViewModel.swift */,
				2F5F9A7A2B3C6CDE00CBCFEF /* TodoViewModel.swift */,
				2F5F9A762B37D7D300CBCFEF /* DataModels.swift */,
				2FDA257629F47678005466AE /* HabitTrackerModel.swift */,
				2F5D9DA82B6FEA7400399975 /* ProjectViewModel.swift */,
			);
			path = ViewModel;
			sourceTree = "<group>";
		};
		2F3936B42A5A6B130092264E /* StatisticViews */ = {
			isa = PBXGroup;
			children = (
				2F5BBC322A8F17C200579D5D /* StatisticalDetail */,
				2F430E5A2A500665005DC88D /* HabitTrackerStatisticViewModel.swift */,
				2F5CF99C2A6B7EC000BA9826 /* StatisticalView.swift */,
				2F5651C32AE973B50025FF14 /* HabitStatisticalCell.swift */,
				2F3936B52A5A6B4E0092264E /* HabitStatisticFrequencyGraph.swift */,
			);
			path = StatisticViews;
			sourceTree = "<group>";
		};
		2F3E2FBF2A700B610016BBD4 /* Frameworks */ = {
			isa = PBXGroup;
			children = (
				2F3DC6C32AED400B00C78BE6 /* SwiftUI.framework */,
			);
			name = Frameworks;
			sourceTree = "<group>";
		};
		2F511F282A0CCE2900AC5328 /* TaskViews */ = {
			isa = PBXGroup;
			children = (
				2FEA90E92B68003D00B45650 /* CalendarViews */,
				2FCBC5C72B46BDD2003D946E /* TaskList */,
				2F7381692B41B2FE000E767A /* TaskCreation */,
				2FFDF1692A7F830700027AFE /* InitView.swift */,
			);
			path = TaskViews;
			sourceTree = "<group>";
		};
		2F5298F229F20E0A0018B8CA = {
			isa = PBXGroup;
			children = (
				2F5298FD29F20E0A0018B8CA /* HabitTracker */,
				2F52991429F20E0F0018B8CA /* HabitTrackerTests */,
				2F52991E29F20E0F0018B8CA /* HabitTrackerUITests */,
				2F5298FC29F20E0A0018B8CA /* Products */,
				2F3E2FBF2A700B610016BBD4 /* Frameworks */,
			);
			sourceTree = "<group>";
		};
		2F5298FC29F20E0A0018B8CA /* Products */ = {
			isa = PBXGroup;
			children = (
				2F5298FB29F20E0A0018B8CA /* HabitTracker.app */,
			);
			name = Products;
			sourceTree = "<group>";
		};
		2F5298FD29F20E0A0018B8CA /* HabitTracker */ = {
			isa = PBXGroup;
			children = (
				2FF2C2452B4F03E000A81325 /* SceneDelegate.swift */,
				2F5298FE29F20E0A0018B8CA /* HabitTrackerApp.swift */,
				2F5D9DB62B7C645100399975 /* RootViewController.swift */,
				2F52990029F20E0A0018B8CA /* RootView.swift */,
				2F5D9DB12B77744B00399975 /* Popup */,
				2F0DE3212A570C3400E73D47 /* OldPopup */,
				2F63AE222A1FC38400BFBD5F /* Shapes */,
				2F32C76E2A10DD54008CDF7E /* ViewModel */,
				2FDAFFAD2A0C9878002AEA85 /* Persistence */,
				2FBC52E82A1468C700C4992E /* Utility */,
				2FCA285D2A13758C006AAD9B /* Background */,
				2F9141B22A837C6300E53509 /* ViewControllerWrapper */,
				2F5D9DA32B6E8B1000399975 /* ProjectViews */,
				2F511F282A0CCE2900AC5328 /* TaskViews */,
				2F3936B42A5A6B130092264E /* StatisticViews */,
				2F52990229F20E0E0018B8CA /* Assets.xcassets */,
				2F52990729F20E0E0018B8CA /* Persistence.swift */,
				2F52990C29F20E0E0018B8CA /* Info.plist */,
				2F52990429F20E0E0018B8CA /* Preview Content */,
			);
			path = HabitTracker;
			sourceTree = "<group>";
		};
		2F52990429F20E0E0018B8CA /* Preview Content */ = {
			isa = PBXGroup;
			children = (
				2F52990529F20E0E0018B8CA /* Preview Assets.xcassets */,
			);
			path = "Preview Content";
			sourceTree = "<group>";
		};
		2F52991429F20E0F0018B8CA /* HabitTrackerTests */ = {
			isa = PBXGroup;
			children = (
				2F52991529F20E0F0018B8CA /* HabitTrackerTests.swift */,
			);
			path = HabitTrackerTests;
			sourceTree = "<group>";
		};
		2F52991E29F20E0F0018B8CA /* HabitTrackerUITests */ = {
			isa = PBXGroup;
			children = (
				2F52991F29F20E0F0018B8CA /* HabitTrackerUITests.swift */,
				2F52992129F20E0F0018B8CA /* HabitTrackerUITestsLaunchTests.swift */,
			);
			path = HabitTrackerUITests;
			sourceTree = "<group>";
		};
		2F5BBC322A8F17C200579D5D /* StatisticalDetail */ = {
			isa = PBXGroup;
			children = (
				2FE538CE2A88D34600A03C26 /* StatisticalDetailView.swift */,
				2F7072182A8B1BB30054702F /* HabitTrackerStatisticalDetailViewModel.swift */,
			);
			path = StatisticalDetail;
			sourceTree = "<group>";
		};
		2F5D9DA32B6E8B1000399975 /* ProjectViews */ = {
			isa = PBXGroup;
			children = (
				2F5D9DA42B6E8B2700399975 /* ProjectViews.swift */,
				2F5D9DAC2B712C3700399975 /* ProjectCreation */,
			);
			path = ProjectViews;
			sourceTree = "<group>";
		};
		2F5D9DAC2B712C3700399975 /* ProjectCreation */ = {
			isa = PBXGroup;
			children = (
				2F5D9DAA2B712B7E00399975 /* CreatProjectForm.swift */,
				2F5D9DAD2B712C6100399975 /* CreatProjectFormContent.swift */,
			);
			path = ProjectCreation;
			sourceTree = "<group>";
		};
		2F5D9DB12B77744B00399975 /* Popup */ = {
			isa = PBXGroup;
			children = (
				2F5D9DB22B77746300399975 /* GlobalPopupView.swift */,
				2F5D9DB42B77B20F00399975 /* GlobalPopupManager.swift */,
			);
			path = Popup;
			sourceTree = "<group>";
		};
		2F63AE222A1FC38400BFBD5F /* Shapes */ = {
			isa = PBXGroup;
			children = (
				2F63AE232A1FC39600BFBD5F /* Shapes.swift */,
			);
			path = Shapes;
			sourceTree = "<group>";
		};
		2F7381662B416657000E767A /* CustomViews */ = {
			isa = PBXGroup;
			children = (
				2FEF07122B4AD904002EB57D /* CustomViewsInForm.swift */,
				2FAFDC402A86787200AFD31E /* CustomSegmentedControl.swift */,
			);
			path = CustomViews;
			sourceTree = "<group>";
		};
		2F7381692B41B2FE000E767A /* TaskCreation */ = {
			isa = PBXGroup;
			children = (
				2F32C76F2A10DD93008CDF7E /* CreatTaskForm.swift */,
				2F7381672B41AE20000E767A /* CreatHabitForm.swift */,
				2F73816A2B41B649000E767A /* CreatTodoForm.swift */,
			);
			path = TaskCreation;
			sourceTree = "<group>";
		};
		2F9141B22A837C6300E53509 /* ViewControllerWrapper */ = {
			isa = PBXGroup;
			children = (
				2F9141B32A837DE100E53509 /* ViewControllerWrapper.swift */,
				2F5BBC302A8C990F00579D5D /* CustomViewControllers.swift */,
			);
			path = ViewControllerWrapper;
			sourceTree = "<group>";
		};
		2FBC52E82A1468C700C4992E /* Utility */ = {
			isa = PBXGroup;
			children = (
				2F7381662B416657000E767A /* CustomViews */,
				2F2493232A30D4590009E651 /* PickerPopupView.swift */,
				2FBC52E92A1468DF00C4992E /* ViewExtensions.swift */,
				2F2B52962A68DE2C004C904D /* AlertWrapperView.swift */,
				2F32C76C2A108F5E008CDF7E /* BottomSheetView.swift */,
				2FCB0FCD2A3F57D5007DBA4E /* DateExtension.swift */,
				2F0DE3222A57140F00E73D47 /* HabitExtension.swift */,
				2F61D46B2A5888A200535919 /* timeExtension.swift */,
				2F3936B72A5EA42B0092264E /* ColorExtension.swift */,
				2F39E0702A84C9C500161B23 /* UIView_Animation_Extension.swift */,
				2F7551542B2D9EEA00DC0C19 /* ViewModifiers.swift */,
				2F7381642B411ACB000E767A /* NumberExtensions.swift */,
			);
			path = Utility;
			sourceTree = "<group>";
		};
		2FCA285D2A13758C006AAD9B /* Background */ = {
			isa = PBXGroup;
			children = (
				2FCA285E2A1375B9006AAD9B /* drawTest.swift */,
				2FCA28602A1378A9006AAD9B /* DefaultIslandBackgroundView.swift */,
				2FB384202A1692CC00822E46 /* TestAnimation.swift */,
			);
			path = Background;
			sourceTree = "<group>";
		};
		2FCBC5C72B46BDD2003D946E /* TaskList */ = {
			isa = PBXGroup;
			children = (
				2FEA90E52B65734C00B45650 /* ImageResources.swift */,
				2FCBC5C82B46BE45003D946E /* TaskTableViewController+Cell+View.swift */,
				2F4F563B2A3EB33300EC144D /* HabitDetailView.swift */,
				2F511F292A0CCFD400AC5328 /* TaskListView.swift */,
				2F7381622B406B34000E767A /* TaskCardViews.swift */,
			);
			path = TaskList;
			sourceTree = "<group>";
		};
		2FDAFFAD2A0C9878002AEA85 /* Persistence */ = {
			isa = PBXGroup;
			children = (
				2F52990929F20E0E0018B8CA /* HabitTrackerDataModel.xcdatamodeld */,
				2FDAFFEC2A0CCD75002AEA85 /* PersistenceController.swift */,
				2F8418A12A472F3B00F20BD0 /* HabitTarget.swift */,
				2FCB0FCB2A3EFDFE007DBA4E /* StopCheckPoint.swift */,
				2F84189F2A46CB2100F20BD0 /* Habits.swift */,
				2F70F27C2A5467AC002C4A17 /* HabitRecord.swift */,
				2F5F9A782B3884DA00CBCFEF /* Todo.swift */,
				2F5D9DA62B6F755000399975 /* Projects.swift */,
			);
			path = Persistence;
			sourceTree = "<group>";
		};
		2FEA90E92B68003D00B45650 /* CalendarViews */ = {
			isa = PBXGroup;
			children = (
				2FEA90E72B66A7E300B45650 /* CustomCalendarView.swift */,
				2FB317032A1021E800B0D7DE /* DateSwipeBarView.swift */,
				2FEA90EA2B68006200B45650 /* WeeklyCalendarBar.swift */,
			);
			path = CalendarViews;
			sourceTree = "<group>";
		};
/* End PBXGroup section */

/* Begin PBXNativeTarget section */
		2F5298FA29F20E0A0018B8CA /* HabitTracker */ = {
			isa = PBXNativeTarget;
			buildConfigurationList = 2F52992529F20E0F0018B8CA /* Build configuration list for PBXNativeTarget "HabitTracker" */;
			buildPhases = (
				2F5298F729F20E0A0018B8CA /* Sources */,
				2F5298F829F20E0A0018B8CA /* Frameworks */,
				2F5298F929F20E0A0018B8CA /* Resources */,
			);
			buildRules = (
			);
			dependencies = (
			);
			name = HabitTracker;
			packageProductDependencies = (
				2FEA90E32B5BB81C00B45650 /* Neumorphic */,
			);
			productName = HabitTracker;
			productReference = 2F5298FB29F20E0A0018B8CA /* HabitTracker.app */;
			productType = "com.apple.product-type.application";
		};
/* End PBXNativeTarget section */

/* Begin PBXProject section */
		2F5298F329F20E0A0018B8CA /* Project object */ = {
			isa = PBXProject;
			attributes = {
				BuildIndependentTargetsInParallel = 1;
				LastSwiftUpdateCheck = 1420;
				LastUpgradeCheck = 1420;
				TargetAttributes = {
					2F5298FA29F20E0A0018B8CA = {
						CreatedOnToolsVersion = 14.2;
					};
				};
			};
			buildConfigurationList = 2F5298F629F20E0A0018B8CA /* Build configuration list for PBXProject "HabitTracker" */;
			compatibilityVersion = "Xcode 14.0";
			developmentRegion = en;
			hasScannedForEncodings = 0;
			knownRegions = (
				en,
				Base,
			);
			mainGroup = 2F5298F229F20E0A0018B8CA;
			packageReferences = (
				2FC7F29E2B2F3C9300B76A5A /* XCRemoteSwiftPackageReference "neumorphic" */,
			);
			productRefGroup = 2F5298FC29F20E0A0018B8CA /* Products */;
			projectDirPath = "";
			projectRoot = "";
			targets = (
				2F5298FA29F20E0A0018B8CA /* HabitTracker */,
			);
		};
/* End PBXProject section */

/* Begin PBXResourcesBuildPhase section */
		2F5298F929F20E0A0018B8CA /* Resources */ = {
			isa = PBXResourcesBuildPhase;
			buildActionMask = 2147483647;
			files = (
				2F52990629F20E0E0018B8CA /* Preview Assets.xcassets in Resources */,
				2F52990329F20E0E0018B8CA /* Assets.xcassets in Resources */,
			);
			runOnlyForDeploymentPostprocessing = 0;
		};
/* End PBXResourcesBuildPhase section */

/* Begin PBXSourcesBuildPhase section */
		2F5298F729F20E0A0018B8CA /* Sources */ = {
			isa = PBXSourcesBuildPhase;
			buildActionMask = 2147483647;
			files = (
				2FCA28612A1378A9006AAD9B /* DefaultIslandBackgroundView.swift in Sources */,
				2F7381652B411ACB000E767A /* NumberExtensions.swift in Sources */,
				2F7381632B406B34000E767A /* TaskCardViews.swift in Sources */,
				2FE538CF2A88D34600A03C26 /* StatisticalDetailView.swift in Sources */,
				2F0DE3232A57140F00E73D47 /* HabitExtension.swift in Sources */,
				2FCB0FCE2A3F57D5007DBA4E /* DateExtension.swift in Sources */,
				2F2B52972A68DE2C004C904D /* AlertWrapperView.swift in Sources */,
				2F5F9A792B3884DA00CBCFEF /* Todo.swift in Sources */,
				2FEF07132B4AD904002EB57D /* CustomViewsInForm.swift in Sources */,
				2F52990829F20E0E0018B8CA /* Persistence.swift in Sources */,
				2F5D9DA52B6E8B2700399975 /* ProjectViews.swift in Sources */,
				2F5BBC312A8C990F00579D5D /* CustomViewControllers.swift in Sources */,
				2F4F563C2A3EB33300EC144D /* HabitDetailView.swift in Sources */,
				2FB317062A117EB300B0D7DE /* TaskMasterViewModel.swift in Sources */,
				2FCA285F2A1375B9006AAD9B /* drawTest.swift in Sources */,
				2F430E5B2A500665005DC88D /* HabitTrackerStatisticViewModel.swift in Sources */,
				2F52990B29F20E0E0018B8CA /* HabitTrackerDataModel.xcdatamodeld in Sources */,
				2F52990129F20E0A0018B8CA /* RootView.swift in Sources */,
				2FEA90E82B66A7E300B45650 /* CustomCalendarView.swift in Sources */,
				2FB317042A1021E800B0D7DE /* DateSwipeBarView.swift in Sources */,
				2F5CF99D2A6B7EC000BA9826 /* StatisticalView.swift in Sources */,
				2F2F61252A487F1F00CE065D /* PopupView.swift in Sources */,
				2F5F9A7D2B3C6F3200CBCFEF /* HabitViewModel.swift in Sources */,
				2F7381682B41AE20000E767A /* CreatHabitForm.swift in Sources */,
				2F9141B42A837DE100E53509 /* ViewControllerWrapper.swift in Sources */,
				2FAFDC412A86787200AFD31E /* CustomSegmentedControl.swift in Sources */,
				2FB384212A1692CC00822E46 /* TestAnimation.swift in Sources */,
				2F5F9A7B2B3C6CDE00CBCFEF /* TodoViewModel.swift in Sources */,
				2F5298FF29F20E0A0018B8CA /* HabitTrackerApp.swift in Sources */,
				2FEA90E62B65734C00B45650 /* ImageResources.swift in Sources */,
				2F73816B2B41B649000E767A /* CreatTodoForm.swift in Sources */,
				2F61D46C2A5888A200535919 /* timeExtension.swift in Sources */,
				2F5D9DA92B6FEA7400399975 /* ProjectViewModel.swift in Sources */,
				2F5D9DAE2B712C6100399975 /* CreatProjectFormContent.swift in Sources */,
				2F32C7702A10DD93008CDF7E /* CreatTaskForm.swift in Sources */,
				2F5D9DB32B77746300399975 /* GlobalPopupView.swift in Sources */,
				2FCB0FCC2A3EFDFE007DBA4E /* StopCheckPoint.swift in Sources */,
				2FCBC5C92B46BE45003D946E /* TaskTableViewController+Cell+View.swift in Sources */,
				2F5D9DB72B7C645100399975 /* RootViewController.swift in Sources */,
				2FEA90EB2B68006200B45650 /* WeeklyCalendarBar.swift in Sources */,
				2F5D9DA72B6F755000399975 /* Projects.swift in Sources */,
				2F32C76D2A108F5E008CDF7E /* BottomSheetView.swift in Sources */,
				2FFDF16A2A7F830700027AFE /* InitView.swift in Sources */,
				2F63AE242A1FC39600BFBD5F /* Shapes.swift in Sources */,
				2F3936B62A5A6B4E0092264E /* HabitStatisticFrequencyGraph.swift in Sources */,
				2F39E0712A84C9C500161B23 /* UIView_Animation_Extension.swift in Sources */,
				2FDAFFED2A0CCD75002AEA85 /* PersistenceController.swift in Sources */,
				2F5651C42AE973B50025FF14 /* HabitStatisticalCell.swift in Sources */,
				2F3936B82A5EA42B0092264E /* ColorExtension.swift in Sources */,
				2F7551552B2D9EEA00DC0C19 /* ViewModifiers.swift in Sources */,
				2F5D9DB52B77B20F00399975 /* GlobalPopupManager.swift in Sources */,
				2FDA257729F47678005466AE /* HabitTrackerModel.swift in Sources */,
				2F7072192A8B1BB30054702F /* HabitTrackerStatisticalDetailViewModel.swift in Sources */,
				2FBC52EA2A1468DF00C4992E /* ViewExtensions.swift in Sources */,
				2F70F27D2A5467AC002C4A17 /* HabitRecord.swift in Sources */,
				2F511F2A2A0CCFD400AC5328 /* TaskListView.swift in Sources */,
				2F8418A22A472F3B00F20BD0 /* HabitTarget.swift in Sources */,
				2F5D9DAB2B712B7E00399975 /* CreatProjectForm.swift in Sources */,
				2FF2C2462B4F03E000A81325 /* SceneDelegate.swift in Sources */,
				2F2493242A30D4590009E651 /* PickerPopupView.swift in Sources */,
				2F5F9A772B37D7D300CBCFEF /* DataModels.swift in Sources */,
				2FE2BAB12ABA26560045385E /* PopupManager.swift in Sources */,
				2F8418A02A46CB2100F20BD0 /* Habits.swift in Sources */,
			);
			runOnlyForDeploymentPostprocessing = 0;
		};
/* End PBXSourcesBuildPhase section */

/* Begin XCBuildConfiguration section */
		2F52992329F20E0F0018B8CA /* Debug */ = {
			isa = XCBuildConfiguration;
			buildSettings = {
				ALWAYS_SEARCH_USER_PATHS = NO;
				CLANG_ANALYZER_NONNULL = YES;
				CLANG_ANALYZER_NUMBER_OBJECT_CONVERSION = YES_AGGRESSIVE;
				CLANG_CXX_LANGUAGE_STANDARD = "gnu++20";
				CLANG_ENABLE_MODULES = YES;
				CLANG_ENABLE_OBJC_ARC = YES;
				CLANG_ENABLE_OBJC_WEAK = YES;
				CLANG_WARN_BLOCK_CAPTURE_AUTORELEASING = YES;
				CLANG_WARN_BOOL_CONVERSION = YES;
				CLANG_WARN_COMMA = YES;
				CLANG_WARN_CONSTANT_CONVERSION = YES;
				CLANG_WARN_DEPRECATED_OBJC_IMPLEMENTATIONS = YES;
				CLANG_WARN_DIRECT_OBJC_ISA_USAGE = YES_ERROR;
				CLANG_WARN_DOCUMENTATION_COMMENTS = YES;
				CLANG_WARN_EMPTY_BODY = YES;
				CLANG_WARN_ENUM_CONVERSION = YES;
				CLANG_WARN_INFINITE_RECURSION = YES;
				CLANG_WARN_INT_CONVERSION = YES;
				CLANG_WARN_NON_LITERAL_NULL_CONVERSION = YES;
				CLANG_WARN_OBJC_IMPLICIT_RETAIN_SELF = YES;
				CLANG_WARN_OBJC_LITERAL_CONVERSION = YES;
				CLANG_WARN_OBJC_ROOT_CLASS = YES_ERROR;
				CLANG_WARN_QUOTED_INCLUDE_IN_FRAMEWORK_HEADER = YES;
				CLANG_WARN_RANGE_LOOP_ANALYSIS = YES;
				CLANG_WARN_STRICT_PROTOTYPES = YES;
				CLANG_WARN_SUSPICIOUS_MOVE = YES;
				CLANG_WARN_UNGUARDED_AVAILABILITY = YES_AGGRESSIVE;
				CLANG_WARN_UNREACHABLE_CODE = YES;
				CLANG_WARN__DUPLICATE_METHOD_MATCH = YES;
				COPY_PHASE_STRIP = NO;
				DEBUG_INFORMATION_FORMAT = dwarf;
				ENABLE_STRICT_OBJC_MSGSEND = YES;
				ENABLE_TESTABILITY = YES;
				GCC_C_LANGUAGE_STANDARD = gnu11;
				GCC_DYNAMIC_NO_PIC = NO;
				GCC_NO_COMMON_BLOCKS = YES;
				GCC_OPTIMIZATION_LEVEL = 0;
				GCC_PREPROCESSOR_DEFINITIONS = (
					"DEBUG=1",
					"$(inherited)",
				);
				GCC_WARN_64_TO_32_BIT_CONVERSION = YES;
				GCC_WARN_ABOUT_RETURN_TYPE = YES_ERROR;
				GCC_WARN_UNDECLARED_SELECTOR = YES;
				GCC_WARN_UNINITIALIZED_AUTOS = YES_AGGRESSIVE;
				GCC_WARN_UNUSED_FUNCTION = YES;
				GCC_WARN_UNUSED_VARIABLE = YES;
				IPHONEOS_DEPLOYMENT_TARGET = 15.0;
				MTL_ENABLE_DEBUG_INFO = INCLUDE_SOURCE;
				MTL_FAST_MATH = YES;
				ONLY_ACTIVE_ARCH = YES;
				SDKROOT = iphoneos;
				SWIFT_ACTIVE_COMPILATION_CONDITIONS = DEBUG;
				SWIFT_OPTIMIZATION_LEVEL = "-Onone";
			};
			name = Debug;
		};
		2F52992429F20E0F0018B8CA /* Release */ = {
			isa = XCBuildConfiguration;
			buildSettings = {
				ALWAYS_SEARCH_USER_PATHS = NO;
				CLANG_ANALYZER_NONNULL = YES;
				CLANG_ANALYZER_NUMBER_OBJECT_CONVERSION = YES_AGGRESSIVE;
				CLANG_CXX_LANGUAGE_STANDARD = "gnu++20";
				CLANG_ENABLE_MODULES = YES;
				CLANG_ENABLE_OBJC_ARC = YES;
				CLANG_ENABLE_OBJC_WEAK = YES;
				CLANG_WARN_BLOCK_CAPTURE_AUTORELEASING = YES;
				CLANG_WARN_BOOL_CONVERSION = YES;
				CLANG_WARN_COMMA = YES;
				CLANG_WARN_CONSTANT_CONVERSION = YES;
				CLANG_WARN_DEPRECATED_OBJC_IMPLEMENTATIONS = YES;
				CLANG_WARN_DIRECT_OBJC_ISA_USAGE = YES_ERROR;
				CLANG_WARN_DOCUMENTATION_COMMENTS = YES;
				CLANG_WARN_EMPTY_BODY = YES;
				CLANG_WARN_ENUM_CONVERSION = YES;
				CLANG_WARN_INFINITE_RECURSION = YES;
				CLANG_WARN_INT_CONVERSION = YES;
				CLANG_WARN_NON_LITERAL_NULL_CONVERSION = YES;
				CLANG_WARN_OBJC_IMPLICIT_RETAIN_SELF = YES;
				CLANG_WARN_OBJC_LITERAL_CONVERSION = YES;
				CLANG_WARN_OBJC_ROOT_CLASS = YES_ERROR;
				CLANG_WARN_QUOTED_INCLUDE_IN_FRAMEWORK_HEADER = YES;
				CLANG_WARN_RANGE_LOOP_ANALYSIS = YES;
				CLANG_WARN_STRICT_PROTOTYPES = YES;
				CLANG_WARN_SUSPICIOUS_MOVE = YES;
				CLANG_WARN_UNGUARDED_AVAILABILITY = YES_AGGRESSIVE;
				CLANG_WARN_UNREACHABLE_CODE = YES;
				CLANG_WARN__DUPLICATE_METHOD_MATCH = YES;
				COPY_PHASE_STRIP = NO;
				DEBUG_INFORMATION_FORMAT = "dwarf-with-dsym";
				ENABLE_NS_ASSERTIONS = NO;
				ENABLE_STRICT_OBJC_MSGSEND = YES;
				GCC_C_LANGUAGE_STANDARD = gnu11;
				GCC_NO_COMMON_BLOCKS = YES;
				GCC_WARN_64_TO_32_BIT_CONVERSION = YES;
				GCC_WARN_ABOUT_RETURN_TYPE = YES_ERROR;
				GCC_WARN_UNDECLARED_SELECTOR = YES;
				GCC_WARN_UNINITIALIZED_AUTOS = YES_AGGRESSIVE;
				GCC_WARN_UNUSED_FUNCTION = YES;
				GCC_WARN_UNUSED_VARIABLE = YES;
				IPHONEOS_DEPLOYMENT_TARGET = 15.0;
				MTL_ENABLE_DEBUG_INFO = NO;
				MTL_FAST_MATH = YES;
				SDKROOT = iphoneos;
				SWIFT_COMPILATION_MODE = wholemodule;
				SWIFT_OPTIMIZATION_LEVEL = "-O";
				VALIDATE_PRODUCT = YES;
			};
			name = Release;
		};
		2F52992629F20E0F0018B8CA /* Debug */ = {
			isa = XCBuildConfiguration;
			buildSettings = {
				ASSETCATALOG_COMPILER_APPICON_NAME = AppIcon;
				ASSETCATALOG_COMPILER_GLOBAL_ACCENT_COLOR_NAME = AccentColor;
				CODE_SIGN_IDENTITY = "Apple Development";
				CODE_SIGN_STYLE = Automatic;
				CURRENT_PROJECT_VERSION = 1;
				DEVELOPMENT_ASSET_PATHS = "\"HabitTracker/Preview Content\"";
				DEVELOPMENT_TEAM = VRJMHZK5GK;
				ENABLE_PREVIEWS = YES;
				GENERATE_INFOPLIST_FILE = YES;
				INFOPLIST_FILE = HabitTracker/Info.plist;
				INFOPLIST_KEY_UIApplicationSceneManifest_Generation = YES;
				INFOPLIST_KEY_UIApplicationSupportsIndirectInputEvents = YES;
				INFOPLIST_KEY_UILaunchScreen_Generation = YES;
				INFOPLIST_KEY_UISupportedInterfaceOrientations_iPad = "UIInterfaceOrientationPortrait UIInterfaceOrientationPortraitUpsideDown UIInterfaceOrientationLandscapeLeft UIInterfaceOrientationLandscapeRight";
				INFOPLIST_KEY_UISupportedInterfaceOrientations_iPhone = "UIInterfaceOrientationPortrait UIInterfaceOrientationLandscapeLeft UIInterfaceOrientationLandscapeRight";
				IPHONEOS_DEPLOYMENT_TARGET = 16.0;
				LD_RUNPATH_SEARCH_PATHS = (
					"$(inherited)",
					"@executable_path/Frameworks",
				);
				MARKETING_VERSION = 1.0;
				PRODUCT_BUNDLE_IDENTIFIER = github.io.sypyyy1.HabitTracker;
				PRODUCT_NAME = "$(TARGET_NAME)";
				PROVISIONING_PROFILE_SPECIFIER = "";
				SUPPORTED_PLATFORMS = "iphoneos iphonesimulator";
				SUPPORTS_MACCATALYST = NO;
				SUPPORTS_MAC_DESIGNED_FOR_IPHONE_IPAD = NO;
				SWIFT_EMIT_LOC_STRINGS = YES;
				SWIFT_STRICT_CONCURRENCY = complete;
				SWIFT_VERSION = 5.0;
				TARGETED_DEVICE_FAMILY = "1,2";
			};
			name = Debug;
		};
		2F52992729F20E0F0018B8CA /* Release */ = {
			isa = XCBuildConfiguration;
			buildSettings = {
				ASSETCATALOG_COMPILER_APPICON_NAME = AppIcon;
				ASSETCATALOG_COMPILER_GLOBAL_ACCENT_COLOR_NAME = AccentColor;
				CODE_SIGN_IDENTITY = "Apple Development";
				CODE_SIGN_STYLE = Automatic;
				CURRENT_PROJECT_VERSION = 1;
				DEVELOPMENT_ASSET_PATHS = "\"HabitTracker/Preview Content\"";
				DEVELOPMENT_TEAM = VRJMHZK5GK;
				ENABLE_PREVIEWS = YES;
				GENERATE_INFOPLIST_FILE = YES;
				INFOPLIST_FILE = HabitTracker/Info.plist;
				INFOPLIST_KEY_UIApplicationSceneManifest_Generation = YES;
				INFOPLIST_KEY_UIApplicationSupportsIndirectInputEvents = YES;
				INFOPLIST_KEY_UILaunchScreen_Generation = YES;
				INFOPLIST_KEY_UISupportedInterfaceOrientations_iPad = "UIInterfaceOrientationPortrait UIInterfaceOrientationPortraitUpsideDown UIInterfaceOrientationLandscapeLeft UIInterfaceOrientationLandscapeRight";
				INFOPLIST_KEY_UISupportedInterfaceOrientations_iPhone = "UIInterfaceOrientationPortrait UIInterfaceOrientationLandscapeLeft UIInterfaceOrientationLandscapeRight";
				IPHONEOS_DEPLOYMENT_TARGET = 16.0;
				LD_RUNPATH_SEARCH_PATHS = (
					"$(inherited)",
					"@executable_path/Frameworks",
				);
				MARKETING_VERSION = 1.0;
				PRODUCT_BUNDLE_IDENTIFIER = github.io.sypyyy1.HabitTracker;
				PRODUCT_NAME = "$(TARGET_NAME)";
				PROVISIONING_PROFILE_SPECIFIER = "";
				SUPPORTED_PLATFORMS = "iphoneos iphonesimulator";
				SUPPORTS_MACCATALYST = NO;
				SUPPORTS_MAC_DESIGNED_FOR_IPHONE_IPAD = NO;
				SWIFT_EMIT_LOC_STRINGS = YES;
				SWIFT_STRICT_CONCURRENCY = complete;
				SWIFT_VERSION = 5.0;
				TARGETED_DEVICE_FAMILY = "1,2";
			};
			name = Release;
		};
/* End XCBuildConfiguration section */

/* Begin XCConfigurationList section */
		2F5298F629F20E0A0018B8CA /* Build configuration list for PBXProject "HabitTracker" */ = {
			isa = XCConfigurationList;
			buildConfigurations = (
				2F52992329F20E0F0018B8CA /* Debug */,
				2F52992429F20E0F0018B8CA /* Release */,
			);
			defaultConfigurationIsVisible = 0;
			defaultConfigurationName = Release;
		};
		2F52992529F20E0F0018B8CA /* Build configuration list for PBXNativeTarget "HabitTracker" */ = {
			isa = XCConfigurationList;
			buildConfigurations = (
				2F52992629F20E0F0018B8CA /* Debug */,
				2F52992729F20E0F0018B8CA /* Release */,
			);
			defaultConfigurationIsVisible = 0;
			defaultConfigurationName = Release;
		};
/* End XCConfigurationList section */

/* Begin XCRemoteSwiftPackageReference section */
		2FC7F29E2B2F3C9300B76A5A /* XCRemoteSwiftPackageReference "neumorphic" */ = {
			isa = XCRemoteSwiftPackageReference;
			repositoryURL = "https://github.com/costachung/neumorphic/";
			requirement = {
				branch = master;
				kind = branch;
			};
		};
/* End XCRemoteSwiftPackageReference section */

/* Begin XCSwiftPackageProductDependency section */
		2FEA90E32B5BB81C00B45650 /* Neumorphic */ = {
			isa = XCSwiftPackageProductDependency;
			package = 2FC7F29E2B2F3C9300B76A5A /* XCRemoteSwiftPackageReference "neumorphic" */;
			productName = Neumorphic;
		};
/* End XCSwiftPackageProductDependency section */

/* Begin XCVersionGroup section */
		2F52990929F20E0E0018B8CA /* HabitTrackerDataModel.xcdatamodeld */ = {
			isa = XCVersionGroup;
			children = (
				2F52990A29F20E0E0018B8CA /* HabitTracker.xcdatamodel */,
			);
			currentVersion = 2F52990A29F20E0E0018B8CA /* HabitTracker.xcdatamodel */;
			path = HabitTrackerDataModel.xcdatamodeld;
			sourceTree = "<group>";
			versionGroupType = wrapper.xcdatamodel;
		};
/* End XCVersionGroup section */
	};
	rootObject = 2F5298F329F20E0A0018B8CA /* Project object */;
}
