// !$*UTF8*$!
{
	archiveVersion = 1;
	classes = {
	};
	objectVersion = 56;
	objects = {

/* Begin PBXBuildFile section */
		2F0DE3232A57140F00E73D47 /* HabitExtension.swift in Sources */ = {isa = PBXBuildFile; fileRef = 2F0DE3222A57140F00E73D47 /* HabitExtension.swift */; };
		2F177BA82BA0ABC6005A4704 /* TodoCreationFormFullScreen.swift in Sources */ = {isa = PBXBuildFile; fileRef = 2F177BA72BA0ABC6005A4704 /* TodoCreationFormFullScreen.swift */; };
		2F2493242A30D4590009E651 /* PickerPopupView.swift in Sources */ = {isa = PBXBuildFile; fileRef = 2F2493232A30D4590009E651 /* PickerPopupView.swift */; };
		2F2B52972A68DE2C004C904D /* AlertWrapperView.swift in Sources */ = {isa = PBXBuildFile; fileRef = 2F2B52962A68DE2C004C904D /* AlertWrapperView.swift */; };
		2F2F61252A487F1F00CE065D /* PopupView.swift in Sources */ = {isa = PBXBuildFile; fileRef = 2F2F61242A487F1F00CE065D /* PopupView.swift */; };
		2F32C76D2A108F5E008CDF7E /* BottomSheetView.swift in Sources */ = {isa = PBXBuildFile; fileRef = 2F32C76C2A108F5E008CDF7E /* BottomSheetView.swift */; };
		2F32C7702A10DD93008CDF7E /* CreatTaskForm.swift in Sources */ = {isa = PBXBuildFile; fileRef = 2F32C76F2A10DD93008CDF7E /* CreatTaskForm.swift */; };
		2F373BC12C09898500E6C370 /* DateAndTimeSelectionView.swift in Sources */ = {isa = PBXBuildFile; fileRef = 2F373BC02C09898400E6C370 /* DateAndTimeSelectionView.swift */; };
		2F373BC42C0F73EA00E6C370 /* SwipeActions in Frameworks */ = {isa = PBXBuildFile; productRef = 2F373BC32C0F73EA00E6C370 /* SwipeActions */; };
		2F373BD22C1FD91800E6C370 /* SideMenuView.swift in Sources */ = {isa = PBXBuildFile; fileRef = 2F373BD12C1FD91800E6C370 /* SideMenuView.swift */; };
		2F373BD42C1FDCCE00E6C370 /* SideMenuViewModel.swift in Sources */ = {isa = PBXBuildFile; fileRef = 2F373BD32C1FDCCE00E6C370 /* SideMenuViewModel.swift */; };
		2F373BD62C1FE1EF00E6C370 /* SideMenuViewUIkit.swift in Sources */ = {isa = PBXBuildFile; fileRef = 2F373BD52C1FE1EF00E6C370 /* SideMenuViewUIkit.swift */; };
		2F373BD82C2043AC00E6C370 /* SideMenuRowView.swift in Sources */ = {isa = PBXBuildFile; fileRef = 2F373BD72C2043AC00E6C370 /* SideMenuRowView.swift */; };
		2F373BDA2C23CE4700E6C370 /* Test.swift in Sources */ = {isa = PBXBuildFile; fileRef = 2F373BD92C23CE4700E6C370 /* Test.swift */; };
		2F373BDC2C24778D00E6C370 /* Test2.swift in Sources */ = {isa = PBXBuildFile; fileRef = 2F373BDB2C24778D00E6C370 /* Test2.swift */; };
		2F373BDE2C258AB100E6C370 /* GoalView.swift in Sources */ = {isa = PBXBuildFile; fileRef = 2F373BDD2C258AB100E6C370 /* GoalView.swift */; };
		2F373BE32C25DCD500E6C370 /* Goal_Models.swift in Sources */ = {isa = PBXBuildFile; fileRef = 2F373BE22C25DCD500E6C370 /* Goal_Models.swift */; };
		2F373BE52C28763700E6C370 /* TreeNodeSubClassInfo.swift in Sources */ = {isa = PBXBuildFile; fileRef = 2F373BE42C28763600E6C370 /* TreeNodeSubClassInfo.swift */; };
		2F373BE72C2C4C0500E6C370 /* ExpandButton.swift in Sources */ = {isa = PBXBuildFile; fileRef = 2F373BE62C2C4C0500E6C370 /* ExpandButton.swift */; };
		2F3936B62A5A6B4E0092264E /* HabitStatisticFrequencyGraph.swift in Sources */ = {isa = PBXBuildFile; fileRef = 2F3936B52A5A6B4E0092264E /* HabitStatisticFrequencyGraph.swift */; };
		2F3936B82A5EA42B0092264E /* ColorExtension.swift in Sources */ = {isa = PBXBuildFile; fileRef = 2F3936B72A5EA42B0092264E /* ColorExtension.swift */; };
		2F39E0712A84C9C500161B23 /* UIView_Extension.swift in Sources */ = {isa = PBXBuildFile; fileRef = 2F39E0702A84C9C500161B23 /* UIView_Extension.swift */; };
		2F3B83B92C49449100BCDE01 /* SwiftMessages in Frameworks */ = {isa = PBXBuildFile; productRef = 2F3B83B82C49449100BCDE01 /* SwiftMessages */; };
		2F3B83C02C4EA7D600BCDE01 /* GoalCreationView.swift in Sources */ = {isa = PBXBuildFile; fileRef = 2F3B83BF2C4EA7D600BCDE01 /* GoalCreationView.swift */; };
		2F3B83C22C4EAA4000BCDE01 /* GoalCreationViewModel.swift in Sources */ = {isa = PBXBuildFile; fileRef = 2F3B83C12C4EAA4000BCDE01 /* GoalCreationViewModel.swift */; };
		2F3B83C42C50E57200BCDE01 /* GoalIntervalSelectionViews.swift in Sources */ = {isa = PBXBuildFile; fileRef = 2F3B83C32C50E57200BCDE01 /* GoalIntervalSelectionViews.swift */; };
		2F3B83C62C50F0A200BCDE01 /* WeekMonthYear.swift in Sources */ = {isa = PBXBuildFile; fileRef = 2F3B83C52C50F0A200BCDE01 /* WeekMonthYear.swift */; };
		2F3B83C92C512DCB00BCDE01 /* SettingView.swift in Sources */ = {isa = PBXBuildFile; fileRef = 2F3B83C82C512DCB00BCDE01 /* SettingView.swift */; };
		2F3B83CB2C512DDD00BCDE01 /* SettingViewModel.swift in Sources */ = {isa = PBXBuildFile; fileRef = 2F3B83CA2C512DDD00BCDE01 /* SettingViewModel.swift */; };
		2F3B83CD2C52000E00BCDE01 /* WeekPickerView.swift in Sources */ = {isa = PBXBuildFile; fileRef = 2F3B83CC2C52000E00BCDE01 /* WeekPickerView.swift */; };
		2F3B83CF2C5238CF00BCDE01 /* MonthPickerView.swift in Sources */ = {isa = PBXBuildFile; fileRef = 2F3B83CE2C5238CF00BCDE01 /* MonthPickerView.swift */; };
		2F3B83D12C5A653E00BCDE01 /* YearPickerView.swift in Sources */ = {isa = PBXBuildFile; fileRef = 2F3B83D02C5A653E00BCDE01 /* YearPickerView.swift */; };
		2F3B83D32C5BC39200BCDE01 /* GoalMesurementSectionViews.swift in Sources */ = {isa = PBXBuildFile; fileRef = 2F3B83D22C5BC39200BCDE01 /* GoalMesurementSectionViews.swift */; };
		2F3B83D52C5BC6B700BCDE01 /* ParentGoalChooseSectionView.swift in Sources */ = {isa = PBXBuildFile; fileRef = 2F3B83D42C5BC6B700BCDE01 /* ParentGoalChooseSectionView.swift */; };
		2F3B83D72C5E28C400BCDE01 /* TestChartLine.swift in Sources */ = {isa = PBXBuildFile; fileRef = 2F3B83D62C5E28C400BCDE01 /* TestChartLine.swift */; };
		2F430E5B2A500665005DC88D /* HabitTrackerStatisticViewModel.swift in Sources */ = {isa = PBXBuildFile; fileRef = 2F430E5A2A500665005DC88D /* HabitTrackerStatisticViewModel.swift */; };
		2F4F563C2A3EB33300EC144D /* HabitDetailView.swift in Sources */ = {isa = PBXBuildFile; fileRef = 2F4F563B2A3EB33300EC144D /* HabitDetailView.swift */; };
		2F511F2A2A0CCFD400AC5328 /* TaskListView.swift in Sources */ = {isa = PBXBuildFile; fileRef = 2F511F292A0CCFD400AC5328 /* TaskListView.swift */; };
		2F5298FF29F20E0A0018B8CA /* HabitTrackerApp.swift in Sources */ = {isa = PBXBuildFile; fileRef = 2F5298FE29F20E0A0018B8CA /* HabitTrackerApp.swift */; };
		2F52990129F20E0A0018B8CA /* RootView.swift in Sources */ = {isa = PBXBuildFile; fileRef = 2F52990029F20E0A0018B8CA /* RootView.swift */; };
		2F52990329F20E0E0018B8CA /* Assets.xcassets in Resources */ = {isa = PBXBuildFile; fileRef = 2F52990229F20E0E0018B8CA /* Assets.xcassets */; };
		2F52990629F20E0E0018B8CA /* Preview Assets.xcassets in Resources */ = {isa = PBXBuildFile; fileRef = 2F52990529F20E0E0018B8CA /* Preview Assets.xcassets */; };
		2F52990829F20E0E0018B8CA /* Persistence.swift in Sources */ = {isa = PBXBuildFile; fileRef = 2F52990729F20E0E0018B8CA /* Persistence.swift */; };
		2F52990B29F20E0E0018B8CA /* HabitTrackerDataModel.xcdatamodeld in Sources */ = {isa = PBXBuildFile; fileRef = 2F52990929F20E0E0018B8CA /* HabitTrackerDataModel.xcdatamodeld */; };
		2F5651C42AE973B50025FF14 /* HabitStatisticalCell.swift in Sources */ = {isa = PBXBuildFile; fileRef = 2F5651C32AE973B50025FF14 /* HabitStatisticalCell.swift */; };
		2F5BBC312A8C990F00579D5D /* CustomViewControllers.swift in Sources */ = {isa = PBXBuildFile; fileRef = 2F5BBC302A8C990F00579D5D /* CustomViewControllers.swift */; };
		2F5CC1B42B88A7C50032F09B /* TaskViewSegmentedControl.swift in Sources */ = {isa = PBXBuildFile; fileRef = 2F5CC1B32B88A7C50032F09B /* TaskViewSegmentedControl.swift */; };
		2F5CF99D2A6B7EC000BA9826 /* StatisticalView.swift in Sources */ = {isa = PBXBuildFile; fileRef = 2F5CF99C2A6B7EC000BA9826 /* StatisticalView.swift */; };
		2F5D86952BB1AAD5004AA466 /* PartialSheet in Frameworks */ = {isa = PBXBuildFile; productRef = 2F5D86942BB1AAD5004AA466 /* PartialSheet */; };
		2F5D86982BB2779C004AA466 /* BottomSheetViewController.swift in Sources */ = {isa = PBXBuildFile; fileRef = 2F5D86972BB2779C004AA466 /* BottomSheetViewController.swift */; };
		2F5D869E2BB54D26004AA466 /* HabitDetailBottomSheet.swift in Sources */ = {isa = PBXBuildFile; fileRef = 2F5D869D2BB54D26004AA466 /* HabitDetailBottomSheet.swift */; };
		2F5D86A02BB59821004AA466 /* TodoFastCreatViewController.swift in Sources */ = {isa = PBXBuildFile; fileRef = 2F5D869F2BB59821004AA466 /* TodoFastCreatViewController.swift */; };
		2F5D86A52BB8028F004AA466 /* CheckListView.swift in Sources */ = {isa = PBXBuildFile; fileRef = 2F5D86A42BB8028F004AA466 /* CheckListView.swift */; };
		2F5D86A72BB84464004AA466 /* CheckItemModel.swift in Sources */ = {isa = PBXBuildFile; fileRef = 2F5D86A62BB84464004AA466 /* CheckItemModel.swift */; };
		2F5D9DA52B6E8B2700399975 /* ProjectViews.swift in Sources */ = {isa = PBXBuildFile; fileRef = 2F5D9DA42B6E8B2700399975 /* ProjectViews.swift */; };
		2F5D9DA72B6F755000399975 /* Goals.swift in Sources */ = {isa = PBXBuildFile; fileRef = 2F5D9DA62B6F755000399975 /* Goals.swift */; };
		2F5D9DA92B6FEA7400399975 /* GoalViewModel.swift in Sources */ = {isa = PBXBuildFile; fileRef = 2F5D9DA82B6FEA7400399975 /* GoalViewModel.swift */; };
		2F5D9DAB2B712B7E00399975 /* CreatProjectForm.swift in Sources */ = {isa = PBXBuildFile; fileRef = 2F5D9DAA2B712B7E00399975 /* CreatProjectForm.swift */; };
		2F5D9DAE2B712C6100399975 /* CreatProjectFormContent.swift in Sources */ = {isa = PBXBuildFile; fileRef = 2F5D9DAD2B712C6100399975 /* CreatProjectFormContent.swift */; };
		2F5D9DB32B77746300399975 /* SwiftUIGlobalPopupView.swift in Sources */ = {isa = PBXBuildFile; fileRef = 2F5D9DB22B77746300399975 /* SwiftUIGlobalPopupView.swift */; };
		2F5D9DB52B77B20F00399975 /* SwiftUIGlobalPopupManager.swift in Sources */ = {isa = PBXBuildFile; fileRef = 2F5D9DB42B77B20F00399975 /* SwiftUIGlobalPopupManager.swift */; };
		2F5D9DB72B7C645100399975 /* RootViewController.swift in Sources */ = {isa = PBXBuildFile; fileRef = 2F5D9DB62B7C645100399975 /* RootViewController.swift */; };
		2F5D9DBA2B7DDBAF00399975 /* HabitProgressModifyPopups.swift in Sources */ = {isa = PBXBuildFile; fileRef = 2F5D9DB92B7DDBAF00399975 /* HabitProgressModifyPopups.swift */; };
		2F5D9DBC2B85045900399975 /* TaskCardbackground.swift in Sources */ = {isa = PBXBuildFile; fileRef = 2F5D9DBB2B85045900399975 /* TaskCardbackground.swift */; };
		2F5F9A772B37D7D300CBCFEF /* Habit+Todo+Time_Models.swift in Sources */ = {isa = PBXBuildFile; fileRef = 2F5F9A762B37D7D300CBCFEF /* Habit+Todo+Time_Models.swift */; };
		2F5F9A792B3884DA00CBCFEF /* Todo.swift in Sources */ = {isa = PBXBuildFile; fileRef = 2F5F9A782B3884DA00CBCFEF /* Todo.swift */; };
		2F5F9A7B2B3C6CDE00CBCFEF /* TodoViewModel.swift in Sources */ = {isa = PBXBuildFile; fileRef = 2F5F9A7A2B3C6CDE00CBCFEF /* TodoViewModel.swift */; };
		2F5F9A7D2B3C6F3200CBCFEF /* HabitViewModel.swift in Sources */ = {isa = PBXBuildFile; fileRef = 2F5F9A7C2B3C6F3200CBCFEF /* HabitViewModel.swift */; };
		2F61D46C2A5888A200535919 /* timeExtension.swift in Sources */ = {isa = PBXBuildFile; fileRef = 2F61D46B2A5888A200535919 /* timeExtension.swift */; };
		2F63AE242A1FC39600BFBD5F /* Shapes.swift in Sources */ = {isa = PBXBuildFile; fileRef = 2F63AE232A1FC39600BFBD5F /* Shapes.swift */; };
		2F6B039B2B92192F00974518 /* SideMenuItem.swift in Sources */ = {isa = PBXBuildFile; fileRef = 2F6B03972B92192F00974518 /* SideMenuItem.swift */; };
		2F6B039C2B92192F00974518 /* SideMenuViewController.swift in Sources */ = {isa = PBXBuildFile; fileRef = 2F6B03982B92192F00974518 /* SideMenuViewController.swift */; };
		2F6B03A32B921BFD00974518 /* ContentViewControllerPresentation.swift in Sources */ = {isa = PBXBuildFile; fileRef = 2F6B03A02B921BFD00974518 /* ContentViewControllerPresentation.swift */; };
		2F6B03A42B921BFD00974518 /* ContainerViewController.swift in Sources */ = {isa = PBXBuildFile; fileRef = 2F6B03A12B921BFD00974518 /* ContainerViewController.swift */; };
		2F6B03B22B921FC700974518 /* ContainerViewComposer.swift in Sources */ = {isa = PBXBuildFile; fileRef = 2F6B03B12B921FC700974518 /* ContainerViewComposer.swift */; };
		2F7072192A8B1BB30054702F /* HabitTrackerStatisticalDetailViewModel.swift in Sources */ = {isa = PBXBuildFile; fileRef = 2F7072182A8B1BB30054702F /* HabitTrackerStatisticalDetailViewModel.swift */; };
		2F70F27D2A5467AC002C4A17 /* HabitRecord.swift in Sources */ = {isa = PBXBuildFile; fileRef = 2F70F27C2A5467AC002C4A17 /* HabitRecord.swift */; };
		2F7381632B406B34000E767A /* TaskCardViews.swift in Sources */ = {isa = PBXBuildFile; fileRef = 2F7381622B406B34000E767A /* TaskCardViews.swift */; };
		2F7381652B411ACB000E767A /* NumberExtensions.swift in Sources */ = {isa = PBXBuildFile; fileRef = 2F7381642B411ACB000E767A /* NumberExtensions.swift */; };
		2F7381682B41AE20000E767A /* CreatHabitForm.swift in Sources */ = {isa = PBXBuildFile; fileRef = 2F7381672B41AE20000E767A /* CreatHabitForm.swift */; };
		2F73816B2B41B649000E767A /* CreatTodoForm.swift in Sources */ = {isa = PBXBuildFile; fileRef = 2F73816A2B41B649000E767A /* CreatTodoForm.swift */; };
		2F7551552B2D9EEA00DC0C19 /* ViewModifiers.swift in Sources */ = {isa = PBXBuildFile; fileRef = 2F7551542B2D9EEA00DC0C19 /* ViewModifiers.swift */; };
		2F7637B22BF10BAD005E327D /* UIkitGlobalPopupViewController.swift in Sources */ = {isa = PBXBuildFile; fileRef = 2F7637B12BF10BAD005E327D /* UIkitGlobalPopupViewController.swift */; };
		2F8418A02A46CB2100F20BD0 /* Habits.swift in Sources */ = {isa = PBXBuildFile; fileRef = 2F84189F2A46CB2100F20BD0 /* Habits.swift */; };
		2F8418A22A472F3B00F20BD0 /* HabitTarget.swift in Sources */ = {isa = PBXBuildFile; fileRef = 2F8418A12A472F3B00F20BD0 /* HabitTarget.swift */; };
		2F9141B42A837DE100E53509 /* ViewControllerWrapper.swift in Sources */ = {isa = PBXBuildFile; fileRef = 2F9141B32A837DE100E53509 /* ViewControllerWrapper.swift */; };
		2FAFDC412A86787200AFD31E /* CustomSegmentedControl.swift in Sources */ = {isa = PBXBuildFile; fileRef = 2FAFDC402A86787200AFD31E /* CustomSegmentedControl.swift */; };
		2FB317042A1021E800B0D7DE /* DateSwipeBarView.swift in Sources */ = {isa = PBXBuildFile; fileRef = 2FB317032A1021E800B0D7DE /* DateSwipeBarView.swift */; };
		2FB317062A117EB300B0D7DE /* MasterViewModel.swift in Sources */ = {isa = PBXBuildFile; fileRef = 2FB317052A117EB300B0D7DE /* MasterViewModel.swift */; };
		2FB384212A1692CC00822E46 /* TestAnimation.swift in Sources */ = {isa = PBXBuildFile; fileRef = 2FB384202A1692CC00822E46 /* TestAnimation.swift */; };
		2FB67A832BBDA4AA003D9C71 /* TreeNodeProtocol.swift in Sources */ = {isa = PBXBuildFile; fileRef = 2FB67A822BBDA4AA003D9C71 /* TreeNodeProtocol.swift */; };
		2FB67A852BC2D97D003D9C71 /* Folder.swift in Sources */ = {isa = PBXBuildFile; fileRef = 2FB67A842BC2D97D003D9C71 /* Folder.swift */; };
		2FB67A8A2BC2DA54003D9C71 /* Folder+List_Model.swift in Sources */ = {isa = PBXBuildFile; fileRef = 2FB67A892BC2DA54003D9C71 /* Folder+List_Model.swift */; };
		2FB67A8C2BCBBF92003D9C71 /* List.swift in Sources */ = {isa = PBXBuildFile; fileRef = 2FB67A8B2BCBBF92003D9C71 /* List.swift */; };
		2FB67A8F2BCC254E003D9C71 /* TreeBasedTableViewControllerProtocol.swift in Sources */ = {isa = PBXBuildFile; fileRef = 2FB67A8E2BCC254E003D9C71 /* TreeBasedTableViewControllerProtocol.swift */; };
		2FB67A912BE66C0C003D9C71 /* SideMenuDefaultRows.swift in Sources */ = {isa = PBXBuildFile; fileRef = 2FB67A902BE66C0C003D9C71 /* SideMenuDefaultRows.swift */; };
		2FBC52EA2A1468DF00C4992E /* ViewExtensions.swift in Sources */ = {isa = PBXBuildFile; fileRef = 2FBC52E92A1468DF00C4992E /* ViewExtensions.swift */; };
		2FC79CF42BF25642009800C6 /* CustomPresentationController.swift in Sources */ = {isa = PBXBuildFile; fileRef = 2FC79CF32BF25642009800C6 /* CustomPresentationController.swift */; };
		2FC79CF82BF39CC1009800C6 /* FramePreferenceKey.swift in Sources */ = {isa = PBXBuildFile; fileRef = 2FC79CF72BF39CC1009800C6 /* FramePreferenceKey.swift */; };
		2FC79CFB2BF65FAE009800C6 /* SelfSizingHostingController.swift in Sources */ = {isa = PBXBuildFile; fileRef = 2FC79CFA2BF65FAE009800C6 /* SelfSizingHostingController.swift */; };
		2FC79CFD2BFA064A009800C6 /* SwiftUIPopupWrapper.swift in Sources */ = {isa = PBXBuildFile; fileRef = 2FC79CFC2BFA064A009800C6 /* SwiftUIPopupWrapper.swift */; };
		2FC79CFF2C04CCC9009800C6 /* PriorityPopupView.swift in Sources */ = {isa = PBXBuildFile; fileRef = 2FC79CFE2C04CCC9009800C6 /* PriorityPopupView.swift */; };
		2FC79D012C04D1F6009800C6 /* TodoPriority.swift in Sources */ = {isa = PBXBuildFile; fileRef = 2FC79D002C04D1F6009800C6 /* TodoPriority.swift */; };
		2FCA285F2A1375B9006AAD9B /* drawTest.swift in Sources */ = {isa = PBXBuildFile; fileRef = 2FCA285E2A1375B9006AAD9B /* drawTest.swift */; };
		2FCA28612A1378A9006AAD9B /* DefaultIslandBackgroundView.swift in Sources */ = {isa = PBXBuildFile; fileRef = 2FCA28602A1378A9006AAD9B /* DefaultIslandBackgroundView.swift */; };
		2FCB0FCC2A3EFDFE007DBA4E /* StopCheckPoint.swift in Sources */ = {isa = PBXBuildFile; fileRef = 2FCB0FCB2A3EFDFE007DBA4E /* StopCheckPoint.swift */; };
		2FCB0FCE2A3F57D5007DBA4E /* DateExtension.swift in Sources */ = {isa = PBXBuildFile; fileRef = 2FCB0FCD2A3F57D5007DBA4E /* DateExtension.swift */; };
		2FCBC5C92B46BE45003D946E /* TaskTableViewController+Cell+View.swift in Sources */ = {isa = PBXBuildFile; fileRef = 2FCBC5C82B46BE45003D946E /* TaskTableViewController+Cell+View.swift */; };
		2FD676582C31CE4000ECD2A9 /* GoalPickingView.swift in Sources */ = {isa = PBXBuildFile; fileRef = 2FD676572C31CE4000ECD2A9 /* GoalPickingView.swift */; };
		2FD6765B2C32790A00ECD2A9 /* GoalPickingViewModel.swift in Sources */ = {isa = PBXBuildFile; fileRef = 2FD6765A2C32790A00ECD2A9 /* GoalPickingViewModel.swift */; };
		2FDA257729F47678005466AE /* HabitTrackerModel.swift in Sources */ = {isa = PBXBuildFile; fileRef = 2FDA257629F47678005466AE /* HabitTrackerModel.swift */; };
		2FDAFFED2A0CCD75002AEA85 /* PersistenceController.swift in Sources */ = {isa = PBXBuildFile; fileRef = 2FDAFFEC2A0CCD75002AEA85 /* PersistenceController.swift */; };
		2FE2BAB12ABA26560045385E /* OldPopupManager.swift in Sources */ = {isa = PBXBuildFile; fileRef = 2FE2BAB02ABA26560045385E /* OldPopupManager.swift */; };
		2FE538CF2A88D34600A03C26 /* StatisticalDetailView.swift in Sources */ = {isa = PBXBuildFile; fileRef = 2FE538CE2A88D34600A03C26 /* StatisticalDetailView.swift */; };
		2FEA90E42B5BB81C00B45650 /* Neumorphic in Frameworks */ = {isa = PBXBuildFile; productRef = 2FEA90E32B5BB81C00B45650 /* Neumorphic */; };
		2FEA90E62B65734C00B45650 /* ImageResources.swift in Sources */ = {isa = PBXBuildFile; fileRef = 2FEA90E52B65734C00B45650 /* ImageResources.swift */; };
		2FEA90E82B66A7E300B45650 /* CustomCalendarView.swift in Sources */ = {isa = PBXBuildFile; fileRef = 2FEA90E72B66A7E300B45650 /* CustomCalendarView.swift */; };
		2FEA90EB2B68006200B45650 /* WeeklyCalendarBar.swift in Sources */ = {isa = PBXBuildFile; fileRef = 2FEA90EA2B68006200B45650 /* WeeklyCalendarBar.swift */; };
		2FEF07132B4AD904002EB57D /* CustomViewsInForm.swift in Sources */ = {isa = PBXBuildFile; fileRef = 2FEF07122B4AD904002EB57D /* CustomViewsInForm.swift */; };
		2FF2C2462B4F03E000A81325 /* SceneDelegate.swift in Sources */ = {isa = PBXBuildFile; fileRef = 2FF2C2452B4F03E000A81325 /* SceneDelegate.swift */; };
		2FF757E62C68CA540025780B /* TodoCheckListView.swift in Sources */ = {isa = PBXBuildFile; fileRef = 2FF757E52C68CA540025780B /* TodoCheckListView.swift */; };
		2FF757E82C6E79DA0025780B /* TodoEditOrCreateNavBarView.swift in Sources */ = {isa = PBXBuildFile; fileRef = 2FF757E72C6E79DA0025780B /* TodoEditOrCreateNavBarView.swift */; };
		2FF757EB2C6EAA570025780B /* Themes.swift in Sources */ = {isa = PBXBuildFile; fileRef = 2FF757EA2C6EAA570025780B /* Themes.swift */; };
		2FFDF16A2A7F830700027AFE /* InitView.swift in Sources */ = {isa = PBXBuildFile; fileRef = 2FFDF1692A7F830700027AFE /* InitView.swift */; };
/* End PBXBuildFile section */

/* Begin PBXCopyFilesBuildPhase section */
		2F3B83B72C4942CC00BCDE01 /* Embed Frameworks */ = {
			isa = PBXCopyFilesBuildPhase;
			buildActionMask = 2147483647;
			dstPath = "";
			dstSubfolderSpec = 10;
			files = (
			);
			name = "Embed Frameworks";
			runOnlyForDeploymentPostprocessing = 0;
		};
/* End PBXCopyFilesBuildPhase section */

/* Begin PBXFileReference section */
		2F0DE3222A57140F00E73D47 /* HabitExtension.swift */ = {isa = PBXFileReference; lastKnownFileType = sourcecode.swift; path = HabitExtension.swift; sourceTree = "<group>"; };
		2F177BA72BA0ABC6005A4704 /* TodoCreationFormFullScreen.swift */ = {isa = PBXFileReference; lastKnownFileType = sourcecode.swift; path = TodoCreationFormFullScreen.swift; sourceTree = "<group>"; };
		2F2493232A30D4590009E651 /* PickerPopupView.swift */ = {isa = PBXFileReference; lastKnownFileType = sourcecode.swift; path = PickerPopupView.swift; sourceTree = "<group>"; };
		2F2B52962A68DE2C004C904D /* AlertWrapperView.swift */ = {isa = PBXFileReference; lastKnownFileType = sourcecode.swift; path = AlertWrapperView.swift; sourceTree = "<group>"; };
		2F2F61242A487F1F00CE065D /* PopupView.swift */ = {isa = PBXFileReference; lastKnownFileType = sourcecode.swift; path = PopupView.swift; sourceTree = "<group>"; };
		2F32C76C2A108F5E008CDF7E /* BottomSheetView.swift */ = {isa = PBXFileReference; lastKnownFileType = sourcecode.swift; path = BottomSheetView.swift; sourceTree = "<group>"; };
		2F32C76F2A10DD93008CDF7E /* CreatTaskForm.swift */ = {isa = PBXFileReference; lastKnownFileType = sourcecode.swift; path = CreatTaskForm.swift; sourceTree = "<group>"; };
		2F373BC02C09898400E6C370 /* DateAndTimeSelectionView.swift */ = {isa = PBXFileReference; lastKnownFileType = sourcecode.swift; path = DateAndTimeSelectionView.swift; sourceTree = "<group>"; };
		2F373BD12C1FD91800E6C370 /* SideMenuView.swift */ = {isa = PBXFileReference; lastKnownFileType = sourcecode.swift; path = SideMenuView.swift; sourceTree = "<group>"; };
		2F373BD32C1FDCCE00E6C370 /* SideMenuViewModel.swift */ = {isa = PBXFileReference; lastKnownFileType = sourcecode.swift; path = SideMenuViewModel.swift; sourceTree = "<group>"; };
		2F373BD52C1FE1EF00E6C370 /* SideMenuViewUIkit.swift */ = {isa = PBXFileReference; lastKnownFileType = sourcecode.swift; path = SideMenuViewUIkit.swift; sourceTree = "<group>"; };
		2F373BD72C2043AC00E6C370 /* SideMenuRowView.swift */ = {isa = PBXFileReference; lastKnownFileType = sourcecode.swift; path = SideMenuRowView.swift; sourceTree = "<group>"; };
		2F373BD92C23CE4700E6C370 /* Test.swift */ = {isa = PBXFileReference; lastKnownFileType = sourcecode.swift; path = Test.swift; sourceTree = "<group>"; };
		2F373BDB2C24778D00E6C370 /* Test2.swift */ = {isa = PBXFileReference; lastKnownFileType = sourcecode.swift; path = Test2.swift; sourceTree = "<group>"; };
		2F373BDD2C258AB100E6C370 /* GoalView.swift */ = {isa = PBXFileReference; lastKnownFileType = sourcecode.swift; path = GoalView.swift; sourceTree = "<group>"; };
		2F373BE22C25DCD500E6C370 /* Goal_Models.swift */ = {isa = PBXFileReference; lastKnownFileType = sourcecode.swift; path = Goal_Models.swift; sourceTree = "<group>"; };
		2F373BE42C28763600E6C370 /* TreeNodeSubClassInfo.swift */ = {isa = PBXFileReference; lastKnownFileType = sourcecode.swift; path = TreeNodeSubClassInfo.swift; sourceTree = "<group>"; };
		2F373BE62C2C4C0500E6C370 /* ExpandButton.swift */ = {isa = PBXFileReference; lastKnownFileType = sourcecode.swift; path = ExpandButton.swift; sourceTree = "<group>"; };
		2F3936B52A5A6B4E0092264E /* HabitStatisticFrequencyGraph.swift */ = {isa = PBXFileReference; lastKnownFileType = sourcecode.swift; path = HabitStatisticFrequencyGraph.swift; sourceTree = "<group>"; };
		2F3936B72A5EA42B0092264E /* ColorExtension.swift */ = {isa = PBXFileReference; lastKnownFileType = sourcecode.swift; path = ColorExtension.swift; sourceTree = "<group>"; };
		2F39E0702A84C9C500161B23 /* UIView_Extension.swift */ = {isa = PBXFileReference; lastKnownFileType = sourcecode.swift; path = UIView_Extension.swift; sourceTree = "<group>"; };
		2F3B83BF2C4EA7D600BCDE01 /* GoalCreationView.swift */ = {isa = PBXFileReference; lastKnownFileType = sourcecode.swift; path = GoalCreationView.swift; sourceTree = "<group>"; };
		2F3B83C12C4EAA4000BCDE01 /* GoalCreationViewModel.swift */ = {isa = PBXFileReference; lastKnownFileType = sourcecode.swift; path = GoalCreationViewModel.swift; sourceTree = "<group>"; };
		2F3B83C32C50E57200BCDE01 /* GoalIntervalSelectionViews.swift */ = {isa = PBXFileReference; lastKnownFileType = sourcecode.swift; path = GoalIntervalSelectionViews.swift; sourceTree = "<group>"; };
		2F3B83C52C50F0A200BCDE01 /* WeekMonthYear.swift */ = {isa = PBXFileReference; lastKnownFileType = sourcecode.swift; path = WeekMonthYear.swift; sourceTree = "<group>"; };
		2F3B83C82C512DCB00BCDE01 /* SettingView.swift */ = {isa = PBXFileReference; lastKnownFileType = sourcecode.swift; path = SettingView.swift; sourceTree = "<group>"; };
		2F3B83CA2C512DDD00BCDE01 /* SettingViewModel.swift */ = {isa = PBXFileReference; lastKnownFileType = sourcecode.swift; path = SettingViewModel.swift; sourceTree = "<group>"; };
		2F3B83CC2C52000E00BCDE01 /* WeekPickerView.swift */ = {isa = PBXFileReference; lastKnownFileType = sourcecode.swift; path = WeekPickerView.swift; sourceTree = "<group>"; };
		2F3B83CE2C5238CF00BCDE01 /* MonthPickerView.swift */ = {isa = PBXFileReference; lastKnownFileType = sourcecode.swift; path = MonthPickerView.swift; sourceTree = "<group>"; };
		2F3B83D02C5A653E00BCDE01 /* YearPickerView.swift */ = {isa = PBXFileReference; lastKnownFileType = sourcecode.swift; path = YearPickerView.swift; sourceTree = "<group>"; };
		2F3B83D22C5BC39200BCDE01 /* GoalMesurementSectionViews.swift */ = {isa = PBXFileReference; lastKnownFileType = sourcecode.swift; path = GoalMesurementSectionViews.swift; sourceTree = "<group>"; };
		2F3B83D42C5BC6B700BCDE01 /* ParentGoalChooseSectionView.swift */ = {isa = PBXFileReference; lastKnownFileType = sourcecode.swift; path = ParentGoalChooseSectionView.swift; sourceTree = "<group>"; };
		2F3B83D62C5E28C400BCDE01 /* TestChartLine.swift */ = {isa = PBXFileReference; lastKnownFileType = sourcecode.swift; path = TestChartLine.swift; sourceTree = "<group>"; };
		2F3DC6C32AED400B00C78BE6 /* SwiftUI.framework */ = {isa = PBXFileReference; lastKnownFileType = wrapper.framework; name = SwiftUI.framework; path = System/Library/Frameworks/SwiftUI.framework; sourceTree = SDKROOT; };
		2F430E5A2A500665005DC88D /* HabitTrackerStatisticViewModel.swift */ = {isa = PBXFileReference; lastKnownFileType = sourcecode.swift; path = HabitTrackerStatisticViewModel.swift; sourceTree = "<group>"; };
		2F4F563B2A3EB33300EC144D /* HabitDetailView.swift */ = {isa = PBXFileReference; lastKnownFileType = sourcecode.swift; path = HabitDetailView.swift; sourceTree = "<group>"; };
		2F511F292A0CCFD400AC5328 /* TaskListView.swift */ = {isa = PBXFileReference; lastKnownFileType = sourcecode.swift; path = TaskListView.swift; sourceTree = "<group>"; };
		2F5298FB29F20E0A0018B8CA /* HabitTracker.app */ = {isa = PBXFileReference; explicitFileType = wrapper.application; includeInIndex = 0; path = HabitTracker.app; sourceTree = BUILT_PRODUCTS_DIR; };
		2F5298FE29F20E0A0018B8CA /* HabitTrackerApp.swift */ = {isa = PBXFileReference; lastKnownFileType = sourcecode.swift; path = HabitTrackerApp.swift; sourceTree = "<group>"; };
		2F52990029F20E0A0018B8CA /* RootView.swift */ = {isa = PBXFileReference; lastKnownFileType = sourcecode.swift; path = RootView.swift; sourceTree = "<group>"; };
		2F52990229F20E0E0018B8CA /* Assets.xcassets */ = {isa = PBXFileReference; lastKnownFileType = folder.assetcatalog; path = Assets.xcassets; sourceTree = "<group>"; };
		2F52990529F20E0E0018B8CA /* Preview Assets.xcassets */ = {isa = PBXFileReference; lastKnownFileType = folder.assetcatalog; path = "Preview Assets.xcassets"; sourceTree = "<group>"; };
		2F52990729F20E0E0018B8CA /* Persistence.swift */ = {isa = PBXFileReference; lastKnownFileType = sourcecode.swift; path = Persistence.swift; sourceTree = "<group>"; };
		2F52990A29F20E0E0018B8CA /* HabitTracker.xcdatamodel */ = {isa = PBXFileReference; lastKnownFileType = wrapper.xcdatamodel; path = HabitTracker.xcdatamodel; sourceTree = "<group>"; };
		2F52990C29F20E0E0018B8CA /* Info.plist */ = {isa = PBXFileReference; lastKnownFileType = text.plist.xml; path = Info.plist; sourceTree = "<group>"; };
		2F52991529F20E0F0018B8CA /* HabitTrackerTests.swift */ = {isa = PBXFileReference; lastKnownFileType = sourcecode.swift; path = HabitTrackerTests.swift; sourceTree = "<group>"; };
		2F52991F29F20E0F0018B8CA /* HabitTrackerUITests.swift */ = {isa = PBXFileReference; lastKnownFileType = sourcecode.swift; path = HabitTrackerUITests.swift; sourceTree = "<group>"; };
		2F52992129F20E0F0018B8CA /* HabitTrackerUITestsLaunchTests.swift */ = {isa = PBXFileReference; lastKnownFileType = sourcecode.swift; path = HabitTrackerUITestsLaunchTests.swift; sourceTree = "<group>"; };
		2F5651C32AE973B50025FF14 /* HabitStatisticalCell.swift */ = {isa = PBXFileReference; lastKnownFileType = sourcecode.swift; path = HabitStatisticalCell.swift; sourceTree = "<group>"; };
		2F5BBC302A8C990F00579D5D /* CustomViewControllers.swift */ = {isa = PBXFileReference; lastKnownFileType = sourcecode.swift; path = CustomViewControllers.swift; sourceTree = "<group>"; };
		2F5CC1B32B88A7C50032F09B /* TaskViewSegmentedControl.swift */ = {isa = PBXFileReference; lastKnownFileType = sourcecode.swift; path = TaskViewSegmentedControl.swift; sourceTree = "<group>"; };
		2F5CF99C2A6B7EC000BA9826 /* StatisticalView.swift */ = {isa = PBXFileReference; lastKnownFileType = sourcecode.swift; path = StatisticalView.swift; sourceTree = "<group>"; };
		2F5D86972BB2779C004AA466 /* BottomSheetViewController.swift */ = {isa = PBXFileReference; lastKnownFileType = sourcecode.swift; path = BottomSheetViewController.swift; sourceTree = "<group>"; };
		2F5D869D2BB54D26004AA466 /* HabitDetailBottomSheet.swift */ = {isa = PBXFileReference; lastKnownFileType = sourcecode.swift; path = HabitDetailBottomSheet.swift; sourceTree = "<group>"; };
		2F5D869F2BB59821004AA466 /* TodoFastCreatViewController.swift */ = {isa = PBXFileReference; lastKnownFileType = sourcecode.swift; path = TodoFastCreatViewController.swift; sourceTree = "<group>"; };
		2F5D86A42BB8028F004AA466 /* CheckListView.swift */ = {isa = PBXFileReference; lastKnownFileType = sourcecode.swift; path = CheckListView.swift; sourceTree = "<group>"; };
		2F5D86A62BB84464004AA466 /* CheckItemModel.swift */ = {isa = PBXFileReference; lastKnownFileType = sourcecode.swift; path = CheckItemModel.swift; sourceTree = "<group>"; };
		2F5D9DA42B6E8B2700399975 /* ProjectViews.swift */ = {isa = PBXFileReference; lastKnownFileType = sourcecode.swift; path = ProjectViews.swift; sourceTree = "<group>"; };
		2F5D9DA62B6F755000399975 /* Goals.swift */ = {isa = PBXFileReference; lastKnownFileType = sourcecode.swift; path = Goals.swift; sourceTree = "<group>"; };
		2F5D9DA82B6FEA7400399975 /* GoalViewModel.swift */ = {isa = PBXFileReference; lastKnownFileType = sourcecode.swift; name = GoalViewModel.swift; path = ../ViewModel/GoalViewModel.swift; sourceTree = "<group>"; };
		2F5D9DAA2B712B7E00399975 /* CreatProjectForm.swift */ = {isa = PBXFileReference; lastKnownFileType = sourcecode.swift; path = CreatProjectForm.swift; sourceTree = "<group>"; };
		2F5D9DAD2B712C6100399975 /* CreatProjectFormContent.swift */ = {isa = PBXFileReference; lastKnownFileType = sourcecode.swift; path = CreatProjectFormContent.swift; sourceTree = "<group>"; };
		2F5D9DB22B77746300399975 /* SwiftUIGlobalPopupView.swift */ = {isa = PBXFileReference; lastKnownFileType = sourcecode.swift; path = SwiftUIGlobalPopupView.swift; sourceTree = "<group>"; };
		2F5D9DB42B77B20F00399975 /* SwiftUIGlobalPopupManager.swift */ = {isa = PBXFileReference; lastKnownFileType = sourcecode.swift; path = SwiftUIGlobalPopupManager.swift; sourceTree = "<group>"; };
		2F5D9DB62B7C645100399975 /* RootViewController.swift */ = {isa = PBXFileReference; lastKnownFileType = sourcecode.swift; path = RootViewController.swift; sourceTree = "<group>"; };
		2F5D9DB92B7DDBAF00399975 /* HabitProgressModifyPopups.swift */ = {isa = PBXFileReference; lastKnownFileType = sourcecode.swift; path = HabitProgressModifyPopups.swift; sourceTree = "<group>"; };
		2F5D9DBB2B85045900399975 /* TaskCardbackground.swift */ = {isa = PBXFileReference; lastKnownFileType = sourcecode.swift; path = TaskCardbackground.swift; sourceTree = "<group>"; };
		2F5F9A762B37D7D300CBCFEF /* Habit+Todo+Time_Models.swift */ = {isa = PBXFileReference; lastKnownFileType = sourcecode.swift; path = "Habit+Todo+Time_Models.swift"; sourceTree = "<group>"; };
		2F5F9A782B3884DA00CBCFEF /* Todo.swift */ = {isa = PBXFileReference; lastKnownFileType = sourcecode.swift; path = Todo.swift; sourceTree = "<group>"; };
		2F5F9A7A2B3C6CDE00CBCFEF /* TodoViewModel.swift */ = {isa = PBXFileReference; lastKnownFileType = sourcecode.swift; path = TodoViewModel.swift; sourceTree = "<group>"; };
		2F5F9A7C2B3C6F3200CBCFEF /* HabitViewModel.swift */ = {isa = PBXFileReference; lastKnownFileType = sourcecode.swift; path = HabitViewModel.swift; sourceTree = "<group>"; };
		2F61D46B2A5888A200535919 /* timeExtension.swift */ = {isa = PBXFileReference; lastKnownFileType = sourcecode.swift; path = timeExtension.swift; sourceTree = "<group>"; };
		2F63AE232A1FC39600BFBD5F /* Shapes.swift */ = {isa = PBXFileReference; lastKnownFileType = sourcecode.swift; path = Shapes.swift; sourceTree = "<group>"; };
		2F6B03972B92192F00974518 /* SideMenuItem.swift */ = {isa = PBXFileReference; fileEncoding = 4; lastKnownFileType = sourcecode.swift; path = SideMenuItem.swift; sourceTree = "<group>"; };
		2F6B03982B92192F00974518 /* SideMenuViewController.swift */ = {isa = PBXFileReference; fileEncoding = 4; lastKnownFileType = sourcecode.swift; path = SideMenuViewController.swift; sourceTree = "<group>"; };
		2F6B03A02B921BFD00974518 /* ContentViewControllerPresentation.swift */ = {isa = PBXFileReference; fileEncoding = 4; lastKnownFileType = sourcecode.swift; path = ContentViewControllerPresentation.swift; sourceTree = "<group>"; };
		2F6B03A12B921BFD00974518 /* ContainerViewController.swift */ = {isa = PBXFileReference; fileEncoding = 4; lastKnownFileType = sourcecode.swift; path = ContainerViewController.swift; sourceTree = "<group>"; };
		2F6B03B12B921FC700974518 /* ContainerViewComposer.swift */ = {isa = PBXFileReference; fileEncoding = 4; lastKnownFileType = sourcecode.swift; path = ContainerViewComposer.swift; sourceTree = "<group>"; };
		2F7072182A8B1BB30054702F /* HabitTrackerStatisticalDetailViewModel.swift */ = {isa = PBXFileReference; lastKnownFileType = sourcecode.swift; path = HabitTrackerStatisticalDetailViewModel.swift; sourceTree = "<group>"; };
		2F70F27C2A5467AC002C4A17 /* HabitRecord.swift */ = {isa = PBXFileReference; lastKnownFileType = sourcecode.swift; path = HabitRecord.swift; sourceTree = "<group>"; };
		2F7381622B406B34000E767A /* TaskCardViews.swift */ = {isa = PBXFileReference; lastKnownFileType = sourcecode.swift; path = TaskCardViews.swift; sourceTree = "<group>"; };
		2F7381642B411ACB000E767A /* NumberExtensions.swift */ = {isa = PBXFileReference; lastKnownFileType = sourcecode.swift; path = NumberExtensions.swift; sourceTree = "<group>"; };
		2F7381672B41AE20000E767A /* CreatHabitForm.swift */ = {isa = PBXFileReference; lastKnownFileType = sourcecode.swift; path = CreatHabitForm.swift; sourceTree = "<group>"; };
		2F73816A2B41B649000E767A /* CreatTodoForm.swift */ = {isa = PBXFileReference; lastKnownFileType = sourcecode.swift; path = CreatTodoForm.swift; sourceTree = "<group>"; };
		2F7551542B2D9EEA00DC0C19 /* ViewModifiers.swift */ = {isa = PBXFileReference; lastKnownFileType = sourcecode.swift; path = ViewModifiers.swift; sourceTree = "<group>"; };
		2F7637B12BF10BAD005E327D /* UIkitGlobalPopupViewController.swift */ = {isa = PBXFileReference; lastKnownFileType = sourcecode.swift; path = UIkitGlobalPopupViewController.swift; sourceTree = "<group>"; };
		2F84189F2A46CB2100F20BD0 /* Habits.swift */ = {isa = PBXFileReference; lastKnownFileType = sourcecode.swift; path = Habits.swift; sourceTree = "<group>"; };
		2F8418A12A472F3B00F20BD0 /* HabitTarget.swift */ = {isa = PBXFileReference; lastKnownFileType = sourcecode.swift; path = HabitTarget.swift; sourceTree = "<group>"; };
		2F9141B32A837DE100E53509 /* ViewControllerWrapper.swift */ = {isa = PBXFileReference; lastKnownFileType = sourcecode.swift; path = ViewControllerWrapper.swift; sourceTree = "<group>"; };
		2FAFDC402A86787200AFD31E /* CustomSegmentedControl.swift */ = {isa = PBXFileReference; lastKnownFileType = sourcecode.swift; path = CustomSegmentedControl.swift; sourceTree = "<group>"; };
		2FB317032A1021E800B0D7DE /* DateSwipeBarView.swift */ = {isa = PBXFileReference; lastKnownFileType = sourcecode.swift; path = DateSwipeBarView.swift; sourceTree = "<group>"; };
		2FB317052A117EB300B0D7DE /* MasterViewModel.swift */ = {isa = PBXFileReference; lastKnownFileType = sourcecode.swift; path = MasterViewModel.swift; sourceTree = "<group>"; };
		2FB384202A1692CC00822E46 /* TestAnimation.swift */ = {isa = PBXFileReference; lastKnownFileType = sourcecode.swift; path = TestAnimation.swift; sourceTree = "<group>"; };
		2FB67A822BBDA4AA003D9C71 /* TreeNodeProtocol.swift */ = {isa = PBXFileReference; lastKnownFileType = sourcecode.swift; path = TreeNodeProtocol.swift; sourceTree = "<group>"; };
		2FB67A842BC2D97D003D9C71 /* Folder.swift */ = {isa = PBXFileReference; lastKnownFileType = sourcecode.swift; path = Folder.swift; sourceTree = "<group>"; };
		2FB67A892BC2DA54003D9C71 /* Folder+List_Model.swift */ = {isa = PBXFileReference; lastKnownFileType = sourcecode.swift; path = "Folder+List_Model.swift"; sourceTree = "<group>"; };
		2FB67A8B2BCBBF92003D9C71 /* List.swift */ = {isa = PBXFileReference; lastKnownFileType = sourcecode.swift; path = List.swift; sourceTree = "<group>"; };
		2FB67A8E2BCC254E003D9C71 /* TreeBasedTableViewControllerProtocol.swift */ = {isa = PBXFileReference; lastKnownFileType = sourcecode.swift; path = TreeBasedTableViewControllerProtocol.swift; sourceTree = "<group>"; };
		2FB67A902BE66C0C003D9C71 /* SideMenuDefaultRows.swift */ = {isa = PBXFileReference; lastKnownFileType = sourcecode.swift; path = SideMenuDefaultRows.swift; sourceTree = "<group>"; };
		2FBC52E92A1468DF00C4992E /* ViewExtensions.swift */ = {isa = PBXFileReference; lastKnownFileType = sourcecode.swift; path = ViewExtensions.swift; sourceTree = "<group>"; };
		2FC79CF32BF25642009800C6 /* CustomPresentationController.swift */ = {isa = PBXFileReference; lastKnownFileType = sourcecode.swift; path = CustomPresentationController.swift; sourceTree = "<group>"; };
		2FC79CF72BF39CC1009800C6 /* FramePreferenceKey.swift */ = {isa = PBXFileReference; lastKnownFileType = sourcecode.swift; path = FramePreferenceKey.swift; sourceTree = "<group>"; };
		2FC79CFA2BF65FAE009800C6 /* SelfSizingHostingController.swift */ = {isa = PBXFileReference; lastKnownFileType = sourcecode.swift; path = SelfSizingHostingController.swift; sourceTree = "<group>"; };
		2FC79CFC2BFA064A009800C6 /* SwiftUIPopupWrapper.swift */ = {isa = PBXFileReference; lastKnownFileType = sourcecode.swift; path = SwiftUIPopupWrapper.swift; sourceTree = "<group>"; };
		2FC79CFE2C04CCC9009800C6 /* PriorityPopupView.swift */ = {isa = PBXFileReference; lastKnownFileType = sourcecode.swift; path = PriorityPopupView.swift; sourceTree = "<group>"; };
		2FC79D002C04D1F6009800C6 /* TodoPriority.swift */ = {isa = PBXFileReference; lastKnownFileType = sourcecode.swift; path = TodoPriority.swift; sourceTree = "<group>"; };
		2FCA285E2A1375B9006AAD9B /* drawTest.swift */ = {isa = PBXFileReference; lastKnownFileType = sourcecode.swift; path = drawTest.swift; sourceTree = "<group>"; };
		2FCA28602A1378A9006AAD9B /* DefaultIslandBackgroundView.swift */ = {isa = PBXFileReference; lastKnownFileType = sourcecode.swift; path = DefaultIslandBackgroundView.swift; sourceTree = "<group>"; };
		2FCB0FCB2A3EFDFE007DBA4E /* StopCheckPoint.swift */ = {isa = PBXFileReference; lastKnownFileType = sourcecode.swift; path = StopCheckPoint.swift; sourceTree = "<group>"; };
		2FCB0FCD2A3F57D5007DBA4E /* DateExtension.swift */ = {isa = PBXFileReference; lastKnownFileType = sourcecode.swift; path = DateExtension.swift; sourceTree = "<group>"; };
		2FCBC5C82B46BE45003D946E /* TaskTableViewController+Cell+View.swift */ = {isa = PBXFileReference; lastKnownFileType = sourcecode.swift; path = "TaskTableViewController+Cell+View.swift"; sourceTree = "<group>"; };
		2FD676572C31CE4000ECD2A9 /* GoalPickingView.swift */ = {isa = PBXFileReference; lastKnownFileType = sourcecode.swift; path = GoalPickingView.swift; sourceTree = "<group>"; };
		2FD6765A2C32790A00ECD2A9 /* GoalPickingViewModel.swift */ = {isa = PBXFileReference; lastKnownFileType = sourcecode.swift; path = GoalPickingViewModel.swift; sourceTree = "<group>"; };
		2FDA257629F47678005466AE /* HabitTrackerModel.swift */ = {isa = PBXFileReference; lastKnownFileType = sourcecode.swift; path = HabitTrackerModel.swift; sourceTree = "<group>"; };
		2FDAFFEC2A0CCD75002AEA85 /* PersistenceController.swift */ = {isa = PBXFileReference; lastKnownFileType = sourcecode.swift; path = PersistenceController.swift; sourceTree = "<group>"; };
		2FE2BAB02ABA26560045385E /* OldPopupManager.swift */ = {isa = PBXFileReference; fileEncoding = 4; lastKnownFileType = sourcecode.swift; path = OldPopupManager.swift; sourceTree = "<group>"; };
		2FE538CE2A88D34600A03C26 /* StatisticalDetailView.swift */ = {isa = PBXFileReference; lastKnownFileType = sourcecode.swift; path = StatisticalDetailView.swift; sourceTree = "<group>"; };
		2FEA90E52B65734C00B45650 /* ImageResources.swift */ = {isa = PBXFileReference; lastKnownFileType = sourcecode.swift; path = ImageResources.swift; sourceTree = "<group>"; };
		2FEA90E72B66A7E300B45650 /* CustomCalendarView.swift */ = {isa = PBXFileReference; lastKnownFileType = sourcecode.swift; path = CustomCalendarView.swift; sourceTree = "<group>"; };
		2FEA90EA2B68006200B45650 /* WeeklyCalendarBar.swift */ = {isa = PBXFileReference; lastKnownFileType = sourcecode.swift; path = WeeklyCalendarBar.swift; sourceTree = "<group>"; };
		2FEF07122B4AD904002EB57D /* CustomViewsInForm.swift */ = {isa = PBXFileReference; lastKnownFileType = sourcecode.swift; path = CustomViewsInForm.swift; sourceTree = "<group>"; };
		2FF2C2452B4F03E000A81325 /* SceneDelegate.swift */ = {isa = PBXFileReference; lastKnownFileType = sourcecode.swift; path = SceneDelegate.swift; sourceTree = "<group>"; };
		2FF757E52C68CA540025780B /* TodoCheckListView.swift */ = {isa = PBXFileReference; lastKnownFileType = sourcecode.swift; path = TodoCheckListView.swift; sourceTree = "<group>"; };
		2FF757E72C6E79DA0025780B /* TodoEditOrCreateNavBarView.swift */ = {isa = PBXFileReference; lastKnownFileType = sourcecode.swift; path = TodoEditOrCreateNavBarView.swift; sourceTree = "<group>"; };
		2FF757EA2C6EAA570025780B /* Themes.swift */ = {isa = PBXFileReference; lastKnownFileType = sourcecode.swift; path = Themes.swift; sourceTree = "<group>"; };
		2FFDF1692A7F830700027AFE /* InitView.swift */ = {isa = PBXFileReference; lastKnownFileType = sourcecode.swift; path = InitView.swift; sourceTree = "<group>"; };
/* End PBXFileReference section */

/* Begin PBXFrameworksBuildPhase section */
		2F5298F829F20E0A0018B8CA /* Frameworks */ = {
			isa = PBXFrameworksBuildPhase;
			buildActionMask = 2147483647;
			files = (
				2F5D86952BB1AAD5004AA466 /* PartialSheet in Frameworks */,
				2F373BC42C0F73EA00E6C370 /* SwipeActions in Frameworks */,
				2FEA90E42B5BB81C00B45650 /* Neumorphic in Frameworks */,
				2F3B83B92C49449100BCDE01 /* SwiftMessages in Frameworks */,
			);
			runOnlyForDeploymentPostprocessing = 0;
		};
/* End PBXFrameworksBuildPhase section */

/* Begin PBXGroup section */
		2F0DE3212A570C3400E73D47 /* OldPopup */ = {
			isa = PBXGroup;
			children = (
				2FE2BAB02ABA26560045385E /* OldPopupManager.swift */,
				2F2F61242A487F1F00CE065D /* PopupView.swift */,
			);
			path = OldPopup;
			sourceTree = "<group>";
		};
		2F32C76E2A10DD54008CDF7E /* ViewModel */ = {
			isa = PBXGroup;
			children = (
				2FB317052A117EB300B0D7DE /* MasterViewModel.swift */,
				2F5F9A7C2B3C6F3200CBCFEF /* HabitViewModel.swift */,
				2F5F9A7A2B3C6CDE00CBCFEF /* TodoViewModel.swift */,
				2FDA257629F47678005466AE /* HabitTrackerModel.swift */,
			);
			path = ViewModel;
			sourceTree = "<group>";
		};
		2F373BE12C258B4900E6C370 /* Deprecated */ = {
			isa = PBXGroup;
			children = (
				2F5D9DA42B6E8B2700399975 /* ProjectViews.swift */,
				2F5D9DAC2B712C3700399975 /* ProjectCreation */,
			);
			path = Deprecated;
			sourceTree = "<group>";
		};
		2F3936B42A5A6B130092264E /* HabitStatisticViews */ = {
			isa = PBXGroup;
			children = (
				2F5BBC322A8F17C200579D5D /* StatisticalDetail */,
				2F430E5A2A500665005DC88D /* HabitTrackerStatisticViewModel.swift */,
				2F5CF99C2A6B7EC000BA9826 /* StatisticalView.swift */,
				2F5651C32AE973B50025FF14 /* HabitStatisticalCell.swift */,
				2F3936B52A5A6B4E0092264E /* HabitStatisticFrequencyGraph.swift */,
			);
			path = HabitStatisticViews;
			sourceTree = "<group>";
		};
		2F3B83BE2C4EA7C400BCDE01 /* GoalCreation */ = {
			isa = PBXGroup;
			children = (
				2F3B83BF2C4EA7D600BCDE01 /* GoalCreationView.swift */,
				2F3B83C12C4EAA4000BCDE01 /* GoalCreationViewModel.swift */,
				2F3B83C32C50E57200BCDE01 /* GoalIntervalSelectionViews.swift */,
				2F3B83CC2C52000E00BCDE01 /* WeekPickerView.swift */,
				2F3B83CE2C5238CF00BCDE01 /* MonthPickerView.swift */,
				2F3B83D02C5A653E00BCDE01 /* YearPickerView.swift */,
				2F3B83D22C5BC39200BCDE01 /* GoalMesurementSectionViews.swift */,
				2F3B83D42C5BC6B700BCDE01 /* ParentGoalChooseSectionView.swift */,
			);
			path = GoalCreation;
			sourceTree = "<group>";
		};
		2F3B83C72C512DAE00BCDE01 /* SettingsAndPreferences */ = {
			isa = PBXGroup;
			children = (
				2F3B83C82C512DCB00BCDE01 /* SettingView.swift */,
				2F3B83CA2C512DDD00BCDE01 /* SettingViewModel.swift */,
			);
			path = SettingsAndPreferences;
			sourceTree = "<group>";
		};
		2F3E2FBF2A700B610016BBD4 /* Frameworks */ = {
			isa = PBXGroup;
			children = (
				2F3DC6C32AED400B00C78BE6 /* SwiftUI.framework */,
			);
			name = Frameworks;
			sourceTree = "<group>";
		};
		2F511F282A0CCE2900AC5328 /* Tasks */ = {
			isa = PBXGroup;
			children = (
				2F5D86A32BB80255004AA466 /* TodoFastCreation */,
				2FEA90E92B68003D00B45650 /* CalendarViews */,
				2FCBC5C72B46BDD2003D946E /* TaskList */,
				2F7381692B41B2FE000E767A /* HabitCreation */,
				2FFDF1692A7F830700027AFE /* InitView.swift */,
			);
			path = Tasks;
			sourceTree = "<group>";
		};
		2F5298F229F20E0A0018B8CA = {
			isa = PBXGroup;
			children = (
				2F5298FD29F20E0A0018B8CA /* HabitTracker */,
				2F52991429F20E0F0018B8CA /* HabitTrackerTests */,
				2F52991E29F20E0F0018B8CA /* HabitTrackerUITests */,
				2F5298FC29F20E0A0018B8CA /* Products */,
				2F3E2FBF2A700B610016BBD4 /* Frameworks */,
			);
			sourceTree = "<group>";
		};
		2F5298FC29F20E0A0018B8CA /* Products */ = {
			isa = PBXGroup;
			children = (
				2F5298FB29F20E0A0018B8CA /* HabitTracker.app */,
			);
			name = Products;
			sourceTree = "<group>";
		};
		2F5298FD29F20E0A0018B8CA /* HabitTracker */ = {
			isa = PBXGroup;
			children = (
				2FF757E92C6EAA3C0025780B /* Theme */,
				2F3B83C72C512DAE00BCDE01 /* SettingsAndPreferences */,
				2FB67A882BC2DA06003D9C71 /* DataModels */,
				2F5D86962BB2776E004AA466 /* BottomSheetViewController */,
				2F6B03A72B921F8B00974518 /* Container */,
				2F6B03962B9218F100974518 /* SideMenuController */,
				2FF2C2452B4F03E000A81325 /* SceneDelegate.swift */,
				2F5298FE29F20E0A0018B8CA /* HabitTrackerApp.swift */,
				2F5D9DB62B7C645100399975 /* RootViewController.swift */,
				2F52990029F20E0A0018B8CA /* RootView.swift */,
				2F5D9DB12B77744B00399975 /* Popup */,
				2F63AE222A1FC38400BFBD5F /* Shapes */,
				2F32C76E2A10DD54008CDF7E /* ViewModel */,
				2FDAFFAD2A0C9878002AEA85 /* Persistence */,
				2FBC52E82A1468C700C4992E /* Utility */,
				2FCA285D2A13758C006AAD9B /* Background */,
				2F9141B22A837C6300E53509 /* ViewControllerWrapper */,
				2F5D9DA32B6E8B1000399975 /* Goal */,
				2F511F282A0CCE2900AC5328 /* Tasks */,
				2F3936B42A5A6B130092264E /* HabitStatisticViews */,
				2F52990229F20E0E0018B8CA /* Assets.xcassets */,
				2F52990729F20E0E0018B8CA /* Persistence.swift */,
				2F52990C29F20E0E0018B8CA /* Info.plist */,
				2F52990429F20E0E0018B8CA /* Preview Content */,
			);
			path = HabitTracker;
			sourceTree = "<group>";
		};
		2F52990429F20E0E0018B8CA /* Preview Content */ = {
			isa = PBXGroup;
			children = (
				2F52990529F20E0E0018B8CA /* Preview Assets.xcassets */,
			);
			path = "Preview Content";
			sourceTree = "<group>";
		};
		2F52991429F20E0F0018B8CA /* HabitTrackerTests */ = {
			isa = PBXGroup;
			children = (
				2F52991529F20E0F0018B8CA /* HabitTrackerTests.swift */,
			);
			path = HabitTrackerTests;
			sourceTree = "<group>";
		};
		2F52991E29F20E0F0018B8CA /* HabitTrackerUITests */ = {
			isa = PBXGroup;
			children = (
				2F52991F29F20E0F0018B8CA /* HabitTrackerUITests.swift */,
				2F52992129F20E0F0018B8CA /* HabitTrackerUITestsLaunchTests.swift */,
			);
			path = HabitTrackerUITests;
			sourceTree = "<group>";
		};
		2F5BBC322A8F17C200579D5D /* StatisticalDetail */ = {
			isa = PBXGroup;
			children = (
				2FE538CE2A88D34600A03C26 /* StatisticalDetailView.swift */,
				2F7072182A8B1BB30054702F /* HabitTrackerStatisticalDetailViewModel.swift */,
				2F3B83D62C5E28C400BCDE01 /* TestChartLine.swift */,
			);
			path = StatisticalDetail;
			sourceTree = "<group>";
		};
		2F5D86962BB2776E004AA466 /* BottomSheetViewController */ = {
			isa = PBXGroup;
			children = (
				2F5D86972BB2779C004AA466 /* BottomSheetViewController.swift */,
			);
			path = BottomSheetViewController;
			sourceTree = "<group>";
		};
		2F5D86A32BB80255004AA466 /* TodoFastCreation */ = {
			isa = PBXGroup;
			children = (
				2FF757E42C68CA340025780B /* Deprecated */,
				2F5D869F2BB59821004AA466 /* TodoFastCreatViewController.swift */,
				2FC79CFE2C04CCC9009800C6 /* PriorityPopupView.swift */,
				2F373BC02C09898400E6C370 /* DateAndTimeSelectionView.swift */,
				2F5D86A62BB84464004AA466 /* CheckItemModel.swift */,
				2FF757E52C68CA540025780B /* TodoCheckListView.swift */,
				2FF757E72C6E79DA0025780B /* TodoEditOrCreateNavBarView.swift */,
			);
			path = TodoFastCreation;
			sourceTree = "<group>";
		};
		2F5D9DA32B6E8B1000399975 /* Goal */ = {
			isa = PBXGroup;
			children = (
				2FD676592C3278F700ECD2A9 /* GoalPicking */,
				2F3B83BE2C4EA7C400BCDE01 /* GoalCreation */,
				2F373BE12C258B4900E6C370 /* Deprecated */,
				2F373BDD2C258AB100E6C370 /* GoalView.swift */,
				2F5D9DA82B6FEA7400399975 /* GoalViewModel.swift */,
			);
			path = Goal;
			sourceTree = "<group>";
		};
		2F5D9DAC2B712C3700399975 /* ProjectCreation */ = {
			isa = PBXGroup;
			children = (
				2F5D9DAA2B712B7E00399975 /* CreatProjectForm.swift */,
				2F5D9DAD2B712C6100399975 /* CreatProjectFormContent.swift */,
			);
			path = ProjectCreation;
			sourceTree = "<group>";
		};
		2F5D9DB12B77744B00399975 /* Popup */ = {
			isa = PBXGroup;
			children = (
				2F7637B02BF10B98005E327D /* UIkitPopup */,
				2F7637AF2BF10B84005E327D /* SwiftUIPopup */,
				2F0DE3212A570C3400E73D47 /* OldPopup */,
			);
			path = Popup;
			sourceTree = "<group>";
		};
		2F5D9DB82B7DDB8E00399975 /* Popups */ = {
			isa = PBXGroup;
			children = (
				2F5D9DB92B7DDBAF00399975 /* HabitProgressModifyPopups.swift */,
			);
			path = Popups;
			sourceTree = "<group>";
		};
		2F63AE222A1FC38400BFBD5F /* Shapes */ = {
			isa = PBXGroup;
			children = (
				2F63AE232A1FC39600BFBD5F /* Shapes.swift */,
			);
			path = Shapes;
			sourceTree = "<group>";
		};
		2F6B03962B9218F100974518 /* SideMenuController */ = {
			isa = PBXGroup;
			children = (
				2F6B03972B92192F00974518 /* SideMenuItem.swift */,
				2F6B03982B92192F00974518 /* SideMenuViewController.swift */,
				2FB67A902BE66C0C003D9C71 /* SideMenuDefaultRows.swift */,
				2F373BD12C1FD91800E6C370 /* SideMenuView.swift */,
				2F373BD32C1FDCCE00E6C370 /* SideMenuViewModel.swift */,
				2F373BD72C2043AC00E6C370 /* SideMenuRowView.swift */,
				2F373BD92C23CE4700E6C370 /* Test.swift */,
				2F373BDB2C24778D00E6C370 /* Test2.swift */,
			);
			path = SideMenuController;
			sourceTree = "<group>";
		};
		2F6B039F2B921AB800974518 /* ContainerViewController */ = {
			isa = PBXGroup;
			children = (
				2F6B03A12B921BFD00974518 /* ContainerViewController.swift */,
				2F6B03A02B921BFD00974518 /* ContentViewControllerPresentation.swift */,
			);
			path = ContainerViewController;
			sourceTree = "<group>";
		};
		2F6B03A72B921F8B00974518 /* Container */ = {
			isa = PBXGroup;
			children = (
				2F6B03A82B921F9800974518 /* ContainerViewComposer */,
				2F6B039F2B921AB800974518 /* ContainerViewController */,
			);
			path = Container;
			sourceTree = "<group>";
		};
		2F6B03A82B921F9800974518 /* ContainerViewComposer */ = {
			isa = PBXGroup;
			children = (
				2F6B03B12B921FC700974518 /* ContainerViewComposer.swift */,
			);
			path = ContainerViewComposer;
			sourceTree = "<group>";
		};
		2F7381662B416657000E767A /* CustomViews */ = {
			isa = PBXGroup;
			children = (
				2FEF07122B4AD904002EB57D /* CustomViewsInForm.swift */,
				2FAFDC402A86787200AFD31E /* CustomSegmentedControl.swift */,
				2F373BE62C2C4C0500E6C370 /* ExpandButton.swift */,
			);
			path = CustomViews;
			sourceTree = "<group>";
		};
		2F7381692B41B2FE000E767A /* HabitCreation */ = {
			isa = PBXGroup;
			children = (
				2F177BA72BA0ABC6005A4704 /* TodoCreationFormFullScreen.swift */,
				2F32C76F2A10DD93008CDF7E /* CreatTaskForm.swift */,
				2F7381672B41AE20000E767A /* CreatHabitForm.swift */,
				2F73816A2B41B649000E767A /* CreatTodoForm.swift */,
			);
			path = HabitCreation;
			sourceTree = "<group>";
		};
		2F7637AF2BF10B84005E327D /* SwiftUIPopup */ = {
			isa = PBXGroup;
			children = (
				2F5D9DB22B77746300399975 /* SwiftUIGlobalPopupView.swift */,
				2F5D9DB42B77B20F00399975 /* SwiftUIGlobalPopupManager.swift */,
				2FC79CFC2BFA064A009800C6 /* SwiftUIPopupWrapper.swift */,
			);
			path = SwiftUIPopup;
			sourceTree = "<group>";
		};
		2F7637B02BF10B98005E327D /* UIkitPopup */ = {
			isa = PBXGroup;
			children = (
				2F7637B12BF10BAD005E327D /* UIkitGlobalPopupViewController.swift */,
				2FC79CF32BF25642009800C6 /* CustomPresentationController.swift */,
			);
			path = UIkitPopup;
			sourceTree = "<group>";
		};
		2F84821D2C6480BD00E8447E /* Deprecated */ = {
			isa = PBXGroup;
			children = (
				2F5D9DB82B7DDB8E00399975 /* Popups */,
				2F4F563B2A3EB33300EC144D /* HabitDetailView.swift */,
			);
			path = Deprecated;
			sourceTree = "<group>";
		};
		2F9141B22A837C6300E53509 /* ViewControllerWrapper */ = {
			isa = PBXGroup;
			children = (
				2F9141B32A837DE100E53509 /* ViewControllerWrapper.swift */,
				2F5BBC302A8C990F00579D5D /* CustomViewControllers.swift */,
			);
			path = ViewControllerWrapper;
			sourceTree = "<group>";
		};
		2FB67A882BC2DA06003D9C71 /* DataModels */ = {
			isa = PBXGroup;
			children = (
				2FC79D002C04D1F6009800C6 /* TodoPriority.swift */,
				2F5F9A762B37D7D300CBCFEF /* Habit+Todo+Time_Models.swift */,
				2FB67A892BC2DA54003D9C71 /* Folder+List_Model.swift */,
				2F373BE22C25DCD500E6C370 /* Goal_Models.swift */,
				2F373BE42C28763600E6C370 /* TreeNodeSubClassInfo.swift */,
				2F3B83C52C50F0A200BCDE01 /* WeekMonthYear.swift */,
			);
			path = DataModels;
			sourceTree = "<group>";
		};
		2FB67A8D2BCC2525003D9C71 /* TreeBasedTableUtils */ = {
			isa = PBXGroup;
			children = (
				2FB67A822BBDA4AA003D9C71 /* TreeNodeProtocol.swift */,
				2FB67A8E2BCC254E003D9C71 /* TreeBasedTableViewControllerProtocol.swift */,
			);
			path = TreeBasedTableUtils;
			sourceTree = "<group>";
		};
		2FBC52E82A1468C700C4992E /* Utility */ = {
			isa = PBXGroup;
			children = (
				2FC79CF92BF39D10009800C6 /* NotUsed */,
				2FC79CF72BF39CC1009800C6 /* FramePreferenceKey.swift */,
				2FB67A8D2BCC2525003D9C71 /* TreeBasedTableUtils */,
				2F7381662B416657000E767A /* CustomViews */,
				2F2493232A30D4590009E651 /* PickerPopupView.swift */,
				2FBC52E92A1468DF00C4992E /* ViewExtensions.swift */,
				2F2B52962A68DE2C004C904D /* AlertWrapperView.swift */,
				2FCB0FCD2A3F57D5007DBA4E /* DateExtension.swift */,
				2F0DE3222A57140F00E73D47 /* HabitExtension.swift */,
				2F61D46B2A5888A200535919 /* timeExtension.swift */,
				2F3936B72A5EA42B0092264E /* ColorExtension.swift */,
				2F39E0702A84C9C500161B23 /* UIView_Extension.swift */,
				2F7551542B2D9EEA00DC0C19 /* ViewModifiers.swift */,
				2F7381642B411ACB000E767A /* NumberExtensions.swift */,
				2FC79CFA2BF65FAE009800C6 /* SelfSizingHostingController.swift */,
			);
			path = Utility;
			sourceTree = "<group>";
		};
		2FC79CF92BF39D10009800C6 /* NotUsed */ = {
			isa = PBXGroup;
			children = (
				2F32C76C2A108F5E008CDF7E /* BottomSheetView.swift */,
				2F373BD52C1FE1EF00E6C370 /* SideMenuViewUIkit.swift */,
			);
			path = NotUsed;
			sourceTree = "<group>";
		};
		2FCA285D2A13758C006AAD9B /* Background */ = {
			isa = PBXGroup;
			children = (
				2FCA285E2A1375B9006AAD9B /* drawTest.swift */,
				2FCA28602A1378A9006AAD9B /* DefaultIslandBackgroundView.swift */,
				2FB384202A1692CC00822E46 /* TestAnimation.swift */,
			);
			path = Background;
			sourceTree = "<group>";
		};
		2FCBC5C72B46BDD2003D946E /* TaskList */ = {
			isa = PBXGroup;
			children = (
				2F84821D2C6480BD00E8447E /* Deprecated */,
				2FEA90E52B65734C00B45650 /* ImageResources.swift */,
				2FCBC5C82B46BE45003D946E /* TaskTableViewController+Cell+View.swift */,
				2F5D869D2BB54D26004AA466 /* HabitDetailBottomSheet.swift */,
				2F511F292A0CCFD400AC5328 /* TaskListView.swift */,
				2F7381622B406B34000E767A /* TaskCardViews.swift */,
				2F5D9DBB2B85045900399975 /* TaskCardbackground.swift */,
				2F5CC1B32B88A7C50032F09B /* TaskViewSegmentedControl.swift */,
			);
			path = TaskList;
			sourceTree = "<group>";
		};
		2FD676592C3278F700ECD2A9 /* GoalPicking */ = {
			isa = PBXGroup;
			children = (
				2FD676572C31CE4000ECD2A9 /* GoalPickingView.swift */,
				2FD6765A2C32790A00ECD2A9 /* GoalPickingViewModel.swift */,
			);
			path = GoalPicking;
			sourceTree = "<group>";
		};
		2FDAFFAD2A0C9878002AEA85 /* Persistence */ = {
			isa = PBXGroup;
			children = (
				2F52990929F20E0E0018B8CA /* HabitTrackerDataModel.xcdatamodeld */,
				2FDAFFEC2A0CCD75002AEA85 /* PersistenceController.swift */,
				2F8418A12A472F3B00F20BD0 /* HabitTarget.swift */,
				2FCB0FCB2A3EFDFE007DBA4E /* StopCheckPoint.swift */,
				2F84189F2A46CB2100F20BD0 /* Habits.swift */,
				2F70F27C2A5467AC002C4A17 /* HabitRecord.swift */,
				2F5F9A782B3884DA00CBCFEF /* Todo.swift */,
				2F5D9DA62B6F755000399975 /* Goals.swift */,
				2FB67A842BC2D97D003D9C71 /* Folder.swift */,
				2FB67A8B2BCBBF92003D9C71 /* List.swift */,
			);
			path = Persistence;
			sourceTree = "<group>";
		};
		2FEA90E92B68003D00B45650 /* CalendarViews */ = {
			isa = PBXGroup;
			children = (
				2FEA90E72B66A7E300B45650 /* CustomCalendarView.swift */,
				2FB317032A1021E800B0D7DE /* DateSwipeBarView.swift */,
				2FEA90EA2B68006200B45650 /* WeeklyCalendarBar.swift */,
			);
			path = CalendarViews;
			sourceTree = "<group>";
		};
		2FF757E42C68CA340025780B /* Deprecated */ = {
			isa = PBXGroup;
			children = (
				2F5D86A42BB8028F004AA466 /* CheckListView.swift */,
			);
			path = Deprecated;
			sourceTree = "<group>";
		};
		2FF757E92C6EAA3C0025780B /* Theme */ = {
			isa = PBXGroup;
			children = (
				2FF757EA2C6EAA570025780B /* Themes.swift */,
			);
			path = Theme;
			sourceTree = "<group>";
		};
/* End PBXGroup section */

/* Begin PBXNativeTarget section */
		2F5298FA29F20E0A0018B8CA /* HabitTracker */ = {
			isa = PBXNativeTarget;
			buildConfigurationList = 2F52992529F20E0F0018B8CA /* Build configuration list for PBXNativeTarget "HabitTracker" */;
			buildPhases = (
				2F5298F729F20E0A0018B8CA /* Sources */,
				2F5298F829F20E0A0018B8CA /* Frameworks */,
				2F5298F929F20E0A0018B8CA /* Resources */,
				2F3B83B72C4942CC00BCDE01 /* Embed Frameworks */,
			);
			buildRules = (
			);
			dependencies = (
			);
			name = HabitTracker;
			packageProductDependencies = (
				2FEA90E32B5BB81C00B45650 /* Neumorphic */,
				2F5D86942BB1AAD5004AA466 /* PartialSheet */,
				2F373BC32C0F73EA00E6C370 /* SwipeActions */,
				2F3B83B82C49449100BCDE01 /* SwiftMessages */,
			);
			productName = HabitTracker;
			productReference = 2F5298FB29F20E0A0018B8CA /* HabitTracker.app */;
			productType = "com.apple.product-type.application";
		};
/* End PBXNativeTarget section */

/* Begin PBXProject section */
		2F5298F329F20E0A0018B8CA /* Project object */ = {
			isa = PBXProject;
			attributes = {
				BuildIndependentTargetsInParallel = 1;
				LastSwiftUpdateCheck = 1420;
				LastUpgradeCheck = 1420;
				TargetAttributes = {
					2F5298FA29F20E0A0018B8CA = {
						CreatedOnToolsVersion = 14.2;
					};
				};
			};
			buildConfigurationList = 2F5298F629F20E0A0018B8CA /* Build configuration list for PBXProject "HabitTracker" */;
			compatibilityVersion = "Xcode 14.0";
			developmentRegion = en;
			hasScannedForEncodings = 0;
			knownRegions = (
				en,
				Base,
			);
			mainGroup = 2F5298F229F20E0A0018B8CA;
			packageReferences = (
				2FC7F29E2B2F3C9300B76A5A /* XCRemoteSwiftPackageReference "neumorphic" */,
				2F6B03932B90ED5600974518 /* XCRemoteSwiftPackageReference "SideMenu" */,
				2F5D86932BB1AAD5004AA466 /* XCRemoteSwiftPackageReference "PartialSheet" */,
				2F373BC22C0F73EA00E6C370 /* XCRemoteSwiftPackageReference "SwipeActions" */,
				2F3BEA662C4171BB00B9062D /* XCRemoteSwiftPackageReference "SwiftMessages" */,
			);
			productRefGroup = 2F5298FC29F20E0A0018B8CA /* Products */;
			projectDirPath = "";
			projectRoot = "";
			targets = (
				2F5298FA29F20E0A0018B8CA /* HabitTracker */,
			);
		};
/* End PBXProject section */

/* Begin PBXResourcesBuildPhase section */
		2F5298F929F20E0A0018B8CA /* Resources */ = {
			isa = PBXResourcesBuildPhase;
			buildActionMask = 2147483647;
			files = (
				2F52990629F20E0E0018B8CA /* Preview Assets.xcassets in Resources */,
				2F52990329F20E0E0018B8CA /* Assets.xcassets in Resources */,
			);
			runOnlyForDeploymentPostprocessing = 0;
		};
/* End PBXResourcesBuildPhase section */

/* Begin PBXSourcesBuildPhase section */
		2F5298F729F20E0A0018B8CA /* Sources */ = {
			isa = PBXSourcesBuildPhase;
			buildActionMask = 2147483647;
			files = (
				2FCA28612A1378A9006AAD9B /* DefaultIslandBackgroundView.swift in Sources */,
				2F5D9DBC2B85045900399975 /* TaskCardbackground.swift in Sources */,
				2F5D86A52BB8028F004AA466 /* CheckListView.swift in Sources */,
				2F7381652B411ACB000E767A /* NumberExtensions.swift in Sources */,
				2F3B83C02C4EA7D600BCDE01 /* GoalCreationView.swift in Sources */,
				2F373BD42C1FDCCE00E6C370 /* SideMenuViewModel.swift in Sources */,
				2F373BDA2C23CE4700E6C370 /* Test.swift in Sources */,
				2F7381632B406B34000E767A /* TaskCardViews.swift in Sources */,
				2F6B03B22B921FC700974518 /* ContainerViewComposer.swift in Sources */,
				2FE538CF2A88D34600A03C26 /* StatisticalDetailView.swift in Sources */,
				2F0DE3232A57140F00E73D47 /* HabitExtension.swift in Sources */,
				2F3B83CF2C5238CF00BCDE01 /* MonthPickerView.swift in Sources */,
				2FC79CFD2BFA064A009800C6 /* SwiftUIPopupWrapper.swift in Sources */,
				2F3B83C62C50F0A200BCDE01 /* WeekMonthYear.swift in Sources */,
				2FCB0FCE2A3F57D5007DBA4E /* DateExtension.swift in Sources */,
				2F2B52972A68DE2C004C904D /* AlertWrapperView.swift in Sources */,
				2F5F9A792B3884DA00CBCFEF /* Todo.swift in Sources */,
				2FEF07132B4AD904002EB57D /* CustomViewsInForm.swift in Sources */,
				2F52990829F20E0E0018B8CA /* Persistence.swift in Sources */,
				2F5D9DA52B6E8B2700399975 /* ProjectViews.swift in Sources */,
				2F373BD22C1FD91800E6C370 /* SideMenuView.swift in Sources */,
				2F5BBC312A8C990F00579D5D /* CustomViewControllers.swift in Sources */,
				2F3B83C92C512DCB00BCDE01 /* SettingView.swift in Sources */,
				2F4F563C2A3EB33300EC144D /* HabitDetailView.swift in Sources */,
				2F373BE32C25DCD500E6C370 /* Goal_Models.swift in Sources */,
				2FB317062A117EB300B0D7DE /* MasterViewModel.swift in Sources */,
				2FCA285F2A1375B9006AAD9B /* drawTest.swift in Sources */,
				2F430E5B2A500665005DC88D /* HabitTrackerStatisticViewModel.swift in Sources */,
				2F52990B29F20E0E0018B8CA /* HabitTrackerDataModel.xcdatamodeld in Sources */,
				2FC79CF82BF39CC1009800C6 /* FramePreferenceKey.swift in Sources */,
				2F52990129F20E0A0018B8CA /* RootView.swift in Sources */,
				2F6B039C2B92192F00974518 /* SideMenuViewController.swift in Sources */,
				2FEA90E82B66A7E300B45650 /* CustomCalendarView.swift in Sources */,
				2FB317042A1021E800B0D7DE /* DateSwipeBarView.swift in Sources */,
				2FD6765B2C32790A00ECD2A9 /* GoalPickingViewModel.swift in Sources */,
				2F3B83D72C5E28C400BCDE01 /* TestChartLine.swift in Sources */,
				2F373BC12C09898500E6C370 /* DateAndTimeSelectionView.swift in Sources */,
				2F5CF99D2A6B7EC000BA9826 /* StatisticalView.swift in Sources */,
				2FB67A912BE66C0C003D9C71 /* SideMenuDefaultRows.swift in Sources */,
				2F2F61252A487F1F00CE065D /* PopupView.swift in Sources */,
				2F6B03A32B921BFD00974518 /* ContentViewControllerPresentation.swift in Sources */,
				2F5F9A7D2B3C6F3200CBCFEF /* HabitViewModel.swift in Sources */,
				2F7381682B41AE20000E767A /* CreatHabitForm.swift in Sources */,
				2F9141B42A837DE100E53509 /* ViewControllerWrapper.swift in Sources */,
				2F373BE52C28763700E6C370 /* TreeNodeSubClassInfo.swift in Sources */,
				2FB67A852BC2D97D003D9C71 /* Folder.swift in Sources */,
				2F3B83CB2C512DDD00BCDE01 /* SettingViewModel.swift in Sources */,
				2F373BD82C2043AC00E6C370 /* SideMenuRowView.swift in Sources */,
				2FAFDC412A86787200AFD31E /* CustomSegmentedControl.swift in Sources */,
				2FB384212A1692CC00822E46 /* TestAnimation.swift in Sources */,
				2F5F9A7B2B3C6CDE00CBCFEF /* TodoViewModel.swift in Sources */,
				2F373BE72C2C4C0500E6C370 /* ExpandButton.swift in Sources */,
				2F5CC1B42B88A7C50032F09B /* TaskViewSegmentedControl.swift in Sources */,
				2F5298FF29F20E0A0018B8CA /* HabitTrackerApp.swift in Sources */,
				2F6B03A42B921BFD00974518 /* ContainerViewController.swift in Sources */,
				2FB67A8C2BCBBF92003D9C71 /* List.swift in Sources */,
				2FEA90E62B65734C00B45650 /* ImageResources.swift in Sources */,
				2F73816B2B41B649000E767A /* CreatTodoForm.swift in Sources */,
				2F3B83C42C50E57200BCDE01 /* GoalIntervalSelectionViews.swift in Sources */,
				2F61D46C2A5888A200535919 /* timeExtension.swift in Sources */,
				2F373BDC2C24778D00E6C370 /* Test2.swift in Sources */,
				2F5D9DA92B6FEA7400399975 /* GoalViewModel.swift in Sources */,
				2F5D86A02BB59821004AA466 /* TodoFastCreatViewController.swift in Sources */,
				2F5D9DAE2B712C6100399975 /* CreatProjectFormContent.swift in Sources */,
				2F32C7702A10DD93008CDF7E /* CreatTaskForm.swift in Sources */,
				2F5D86982BB2779C004AA466 /* BottomSheetViewController.swift in Sources */,
				2F5D9DB32B77746300399975 /* SwiftUIGlobalPopupView.swift in Sources */,
				2FCB0FCC2A3EFDFE007DBA4E /* StopCheckPoint.swift in Sources */,
				2FCBC5C92B46BE45003D946E /* TaskTableViewController+Cell+View.swift in Sources */,
				2F5D9DBA2B7DDBAF00399975 /* HabitProgressModifyPopups.swift in Sources */,
				2F3B83CD2C52000E00BCDE01 /* WeekPickerView.swift in Sources */,
				2F5D9DB72B7C645100399975 /* RootViewController.swift in Sources */,
				2FEA90EB2B68006200B45650 /* WeeklyCalendarBar.swift in Sources */,
				2FF757E82C6E79DA0025780B /* TodoEditOrCreateNavBarView.swift in Sources */,
				2F373BDE2C258AB100E6C370 /* GoalView.swift in Sources */,
				2FC79CFB2BF65FAE009800C6 /* SelfSizingHostingController.swift in Sources */,
				2F3B83D12C5A653E00BCDE01 /* YearPickerView.swift in Sources */,
				2F5D9DA72B6F755000399975 /* Goals.swift in Sources */,
				2FF757E62C68CA540025780B /* TodoCheckListView.swift in Sources */,
				2FD676582C31CE4000ECD2A9 /* GoalPickingView.swift in Sources */,
				2F32C76D2A108F5E008CDF7E /* BottomSheetView.swift in Sources */,
				2F6B039B2B92192F00974518 /* SideMenuItem.swift in Sources */,
				2FFDF16A2A7F830700027AFE /* InitView.swift in Sources */,
				2FC79CFF2C04CCC9009800C6 /* PriorityPopupView.swift in Sources */,
				2F63AE242A1FC39600BFBD5F /* Shapes.swift in Sources */,
				2F3936B62A5A6B4E0092264E /* HabitStatisticFrequencyGraph.swift in Sources */,
				2F177BA82BA0ABC6005A4704 /* TodoCreationFormFullScreen.swift in Sources */,
				2FB67A8F2BCC254E003D9C71 /* TreeBasedTableViewControllerProtocol.swift in Sources */,
				2FB67A8A2BC2DA54003D9C71 /* Folder+List_Model.swift in Sources */,
				2F39E0712A84C9C500161B23 /* UIView_Extension.swift in Sources */,
				2FDAFFED2A0CCD75002AEA85 /* PersistenceController.swift in Sources */,
				2FC79CF42BF25642009800C6 /* CustomPresentationController.swift in Sources */,
				2F5651C42AE973B50025FF14 /* HabitStatisticalCell.swift in Sources */,
				2F3936B82A5EA42B0092264E /* ColorExtension.swift in Sources */,
				2F7551552B2D9EEA00DC0C19 /* ViewModifiers.swift in Sources */,
				2F5D9DB52B77B20F00399975 /* SwiftUIGlobalPopupManager.swift in Sources */,
				2F373BD62C1FE1EF00E6C370 /* SideMenuViewUIkit.swift in Sources */,
				2FDA257729F47678005466AE /* HabitTrackerModel.swift in Sources */,
				2F3B83C22C4EAA4000BCDE01 /* GoalCreationViewModel.swift in Sources */,
				2F7072192A8B1BB30054702F /* HabitTrackerStatisticalDetailViewModel.swift in Sources */,
				2FBC52EA2A1468DF00C4992E /* ViewExtensions.swift in Sources */,
				2F3B83D52C5BC6B700BCDE01 /* ParentGoalChooseSectionView.swift in Sources */,
				2FC79D012C04D1F6009800C6 /* TodoPriority.swift in Sources */,
				2F70F27D2A5467AC002C4A17 /* HabitRecord.swift in Sources */,
				2F511F2A2A0CCFD400AC5328 /* TaskListView.swift in Sources */,
				2F8418A22A472F3B00F20BD0 /* HabitTarget.swift in Sources */,
				2F5D9DAB2B712B7E00399975 /* CreatProjectForm.swift in Sources */,
				2FF2C2462B4F03E000A81325 /* SceneDelegate.swift in Sources */,
				2F5D869E2BB54D26004AA466 /* HabitDetailBottomSheet.swift in Sources */,
				2F3B83D32C5BC39200BCDE01 /* GoalMesurementSectionViews.swift in Sources */,
				2F7637B22BF10BAD005E327D /* UIkitGlobalPopupViewController.swift in Sources */,
				2F2493242A30D4590009E651 /* PickerPopupView.swift in Sources */,
				2F5F9A772B37D7D300CBCFEF /* Habit+Todo+Time_Models.swift in Sources */,
				2FE2BAB12ABA26560045385E /* OldPopupManager.swift in Sources */,
				2F5D86A72BB84464004AA466 /* CheckItemModel.swift in Sources */,
				2FB67A832BBDA4AA003D9C71 /* TreeNodeProtocol.swift in Sources */,
				2F8418A02A46CB2100F20BD0 /* Habits.swift in Sources */,
				2FF757EB2C6EAA570025780B /* Themes.swift in Sources */,
			);
			runOnlyForDeploymentPostprocessing = 0;
		};
/* End PBXSourcesBuildPhase section */

/* Begin XCBuildConfiguration section */
		2F52992329F20E0F0018B8CA /* Debug */ = {
			isa = XCBuildConfiguration;
			buildSettings = {
				ALWAYS_SEARCH_USER_PATHS = NO;
				CLANG_ANALYZER_NONNULL = YES;
				CLANG_ANALYZER_NUMBER_OBJECT_CONVERSION = YES_AGGRESSIVE;
				CLANG_CXX_LANGUAGE_STANDARD = "gnu++20";
				CLANG_ENABLE_MODULES = YES;
				CLANG_ENABLE_OBJC_ARC = YES;
				CLANG_ENABLE_OBJC_WEAK = YES;
				CLANG_WARN_BLOCK_CAPTURE_AUTORELEASING = YES;
				CLANG_WARN_BOOL_CONVERSION = YES;
				CLANG_WARN_COMMA = YES;
				CLANG_WARN_CONSTANT_CONVERSION = YES;
				CLANG_WARN_DEPRECATED_OBJC_IMPLEMENTATIONS = YES;
				CLANG_WARN_DIRECT_OBJC_ISA_USAGE = YES_ERROR;
				CLANG_WARN_DOCUMENTATION_COMMENTS = YES;
				CLANG_WARN_EMPTY_BODY = YES;
				CLANG_WARN_ENUM_CONVERSION = YES;
				CLANG_WARN_INFINITE_RECURSION = YES;
				CLANG_WARN_INT_CONVERSION = YES;
				CLANG_WARN_NON_LITERAL_NULL_CONVERSION = YES;
				CLANG_WARN_OBJC_IMPLICIT_RETAIN_SELF = YES;
				CLANG_WARN_OBJC_LITERAL_CONVERSION = YES;
				CLANG_WARN_OBJC_ROOT_CLASS = YES_ERROR;
				CLANG_WARN_QUOTED_INCLUDE_IN_FRAMEWORK_HEADER = YES;
				CLANG_WARN_RANGE_LOOP_ANALYSIS = YES;
				CLANG_WARN_STRICT_PROTOTYPES = YES;
				CLANG_WARN_SUSPICIOUS_MOVE = YES;
				CLANG_WARN_UNGUARDED_AVAILABILITY = YES_AGGRESSIVE;
				CLANG_WARN_UNREACHABLE_CODE = YES;
				CLANG_WARN__DUPLICATE_METHOD_MATCH = YES;
				COPY_PHASE_STRIP = NO;
				DEBUG_INFORMATION_FORMAT = dwarf;
				ENABLE_STRICT_OBJC_MSGSEND = YES;
				ENABLE_TESTABILITY = YES;
				GCC_C_LANGUAGE_STANDARD = gnu11;
				GCC_DYNAMIC_NO_PIC = NO;
				GCC_NO_COMMON_BLOCKS = YES;
				GCC_OPTIMIZATION_LEVEL = 0;
				GCC_PREPROCESSOR_DEFINITIONS = (
					"DEBUG=1",
					"$(inherited)",
				);
				GCC_WARN_64_TO_32_BIT_CONVERSION = YES;
				GCC_WARN_ABOUT_RETURN_TYPE = YES_ERROR;
				GCC_WARN_UNDECLARED_SELECTOR = YES;
				GCC_WARN_UNINITIALIZED_AUTOS = YES_AGGRESSIVE;
				GCC_WARN_UNUSED_FUNCTION = YES;
				GCC_WARN_UNUSED_VARIABLE = YES;
				IPHONEOS_DEPLOYMENT_TARGET = 15.0;
				MTL_ENABLE_DEBUG_INFO = INCLUDE_SOURCE;
				MTL_FAST_MATH = YES;
				ONLY_ACTIVE_ARCH = YES;
				SDKROOT = iphoneos;
				SWIFT_ACTIVE_COMPILATION_CONDITIONS = DEBUG;
				SWIFT_OPTIMIZATION_LEVEL = "-Onone";
			};
			name = Debug;
		};
		2F52992429F20E0F0018B8CA /* Release */ = {
			isa = XCBuildConfiguration;
			buildSettings = {
				ALWAYS_SEARCH_USER_PATHS = NO;
				CLANG_ANALYZER_NONNULL = YES;
				CLANG_ANALYZER_NUMBER_OBJECT_CONVERSION = YES_AGGRESSIVE;
				CLANG_CXX_LANGUAGE_STANDARD = "gnu++20";
				CLANG_ENABLE_MODULES = YES;
				CLANG_ENABLE_OBJC_ARC = YES;
				CLANG_ENABLE_OBJC_WEAK = YES;
				CLANG_WARN_BLOCK_CAPTURE_AUTORELEASING = YES;
				CLANG_WARN_BOOL_CONVERSION = YES;
				CLANG_WARN_COMMA = YES;
				CLANG_WARN_CONSTANT_CONVERSION = YES;
				CLANG_WARN_DEPRECATED_OBJC_IMPLEMENTATIONS = YES;
				CLANG_WARN_DIRECT_OBJC_ISA_USAGE = YES_ERROR;
				CLANG_WARN_DOCUMENTATION_COMMENTS = YES;
				CLANG_WARN_EMPTY_BODY = YES;
				CLANG_WARN_ENUM_CONVERSION = YES;
				CLANG_WARN_INFINITE_RECURSION = YES;
				CLANG_WARN_INT_CONVERSION = YES;
				CLANG_WARN_NON_LITERAL_NULL_CONVERSION = YES;
				CLANG_WARN_OBJC_IMPLICIT_RETAIN_SELF = YES;
				CLANG_WARN_OBJC_LITERAL_CONVERSION = YES;
				CLANG_WARN_OBJC_ROOT_CLASS = YES_ERROR;
				CLANG_WARN_QUOTED_INCLUDE_IN_FRAMEWORK_HEADER = YES;
				CLANG_WARN_RANGE_LOOP_ANALYSIS = YES;
				CLANG_WARN_STRICT_PROTOTYPES = YES;
				CLANG_WARN_SUSPICIOUS_MOVE = YES;
				CLANG_WARN_UNGUARDED_AVAILABILITY = YES_AGGRESSIVE;
				CLANG_WARN_UNREACHABLE_CODE = YES;
				CLANG_WARN__DUPLICATE_METHOD_MATCH = YES;
				COPY_PHASE_STRIP = NO;
				DEBUG_INFORMATION_FORMAT = "dwarf-with-dsym";
				ENABLE_NS_ASSERTIONS = NO;
				ENABLE_STRICT_OBJC_MSGSEND = YES;
				GCC_C_LANGUAGE_STANDARD = gnu11;
				GCC_NO_COMMON_BLOCKS = YES;
				GCC_WARN_64_TO_32_BIT_CONVERSION = YES;
				GCC_WARN_ABOUT_RETURN_TYPE = YES_ERROR;
				GCC_WARN_UNDECLARED_SELECTOR = YES;
				GCC_WARN_UNINITIALIZED_AUTOS = YES_AGGRESSIVE;
				GCC_WARN_UNUSED_FUNCTION = YES;
				GCC_WARN_UNUSED_VARIABLE = YES;
				IPHONEOS_DEPLOYMENT_TARGET = 15.0;
				MTL_ENABLE_DEBUG_INFO = NO;
				MTL_FAST_MATH = YES;
				SDKROOT = iphoneos;
				SWIFT_COMPILATION_MODE = wholemodule;
				SWIFT_OPTIMIZATION_LEVEL = "-O";
				VALIDATE_PRODUCT = YES;
			};
			name = Release;
		};
		2F52992629F20E0F0018B8CA /* Debug */ = {
			isa = XCBuildConfiguration;
			buildSettings = {
				ASSETCATALOG_COMPILER_APPICON_NAME = AppIcon;
				ASSETCATALOG_COMPILER_GLOBAL_ACCENT_COLOR_NAME = AccentColor;
				CODE_SIGN_IDENTITY = "Apple Development";
				CODE_SIGN_STYLE = Automatic;
				CURRENT_PROJECT_VERSION = 1;
				DEVELOPMENT_ASSET_PATHS = "\"HabitTracker/Preview Content\"";
				DEVELOPMENT_TEAM = VRJMHZK5GK;
				ENABLE_PREVIEWS = YES;
				GENERATE_INFOPLIST_FILE = YES;
				INFOPLIST_FILE = HabitTracker/Info.plist;
				INFOPLIST_KEY_NSRemindersUsageDescription = "Your reminders can help you stay on track.";
				INFOPLIST_KEY_UIApplicationSceneManifest_Generation = YES;
				INFOPLIST_KEY_UIApplicationSupportsIndirectInputEvents = YES;
				INFOPLIST_KEY_UILaunchScreen_Generation = YES;
				INFOPLIST_KEY_UISupportedInterfaceOrientations = UIInterfaceOrientationPortrait;
				INFOPLIST_KEY_UISupportedInterfaceOrientations_iPad = "UIInterfaceOrientationLandscapeLeft UIInterfaceOrientationLandscapeRight UIInterfaceOrientationPortrait UIInterfaceOrientationPortraitUpsideDown";
				IPHONEOS_DEPLOYMENT_TARGET = 16.0;
				LD_RUNPATH_SEARCH_PATHS = (
					"$(inherited)",
					"@executable_path/Frameworks",
				);
				MARKETING_VERSION = 1.0;
				PRODUCT_BUNDLE_IDENTIFIER = github.io.sypyyy1.HabitTracker;
				PRODUCT_NAME = "$(TARGET_NAME)";
				PROVISIONING_PROFILE_SPECIFIER = "";
				SUPPORTED_PLATFORMS = "iphoneos iphonesimulator";
				SUPPORTS_MACCATALYST = NO;
				SUPPORTS_MAC_DESIGNED_FOR_IPHONE_IPAD = NO;
				SWIFT_EMIT_LOC_STRINGS = YES;
				SWIFT_STRICT_CONCURRENCY = complete;
				SWIFT_VERSION = 5.0;
				TARGETED_DEVICE_FAMILY = 1;
			};
			name = Debug;
		};
		2F52992729F20E0F0018B8CA /* Release */ = {
			isa = XCBuildConfiguration;
			buildSettings = {
				ASSETCATALOG_COMPILER_APPICON_NAME = AppIcon;
				ASSETCATALOG_COMPILER_GLOBAL_ACCENT_COLOR_NAME = AccentColor;
				CODE_SIGN_IDENTITY = "Apple Development";
				CODE_SIGN_STYLE = Automatic;
				CURRENT_PROJECT_VERSION = 1;
				DEVELOPMENT_ASSET_PATHS = "\"HabitTracker/Preview Content\"";
				DEVELOPMENT_TEAM = VRJMHZK5GK;
				ENABLE_PREVIEWS = YES;
				GENERATE_INFOPLIST_FILE = YES;
				INFOPLIST_FILE = HabitTracker/Info.plist;
				INFOPLIST_KEY_NSRemindersUsageDescription = "Your reminders can help you stay on track.";
				INFOPLIST_KEY_UIApplicationSceneManifest_Generation = YES;
				INFOPLIST_KEY_UIApplicationSupportsIndirectInputEvents = YES;
				INFOPLIST_KEY_UILaunchScreen_Generation = YES;
				INFOPLIST_KEY_UISupportedInterfaceOrientations = UIInterfaceOrientationPortrait;
				INFOPLIST_KEY_UISupportedInterfaceOrientations_iPad = "UIInterfaceOrientationLandscapeLeft UIInterfaceOrientationLandscapeRight UIInterfaceOrientationPortrait UIInterfaceOrientationPortraitUpsideDown";
				IPHONEOS_DEPLOYMENT_TARGET = 16.0;
				LD_RUNPATH_SEARCH_PATHS = (
					"$(inherited)",
					"@executable_path/Frameworks",
				);
				MARKETING_VERSION = 1.0;
				PRODUCT_BUNDLE_IDENTIFIER = github.io.sypyyy1.HabitTracker;
				PRODUCT_NAME = "$(TARGET_NAME)";
				PROVISIONING_PROFILE_SPECIFIER = "";
				SUPPORTED_PLATFORMS = "iphoneos iphonesimulator";
				SUPPORTS_MACCATALYST = NO;
				SUPPORTS_MAC_DESIGNED_FOR_IPHONE_IPAD = NO;
				SWIFT_EMIT_LOC_STRINGS = YES;
				SWIFT_STRICT_CONCURRENCY = complete;
				SWIFT_VERSION = 5.0;
				TARGETED_DEVICE_FAMILY = 1;
			};
			name = Release;
		};
/* End XCBuildConfiguration section */

/* Begin XCConfigurationList section */
		2F5298F629F20E0A0018B8CA /* Build configuration list for PBXProject "HabitTracker" */ = {
			isa = XCConfigurationList;
			buildConfigurations = (
				2F52992329F20E0F0018B8CA /* Debug */,
				2F52992429F20E0F0018B8CA /* Release */,
			);
			defaultConfigurationIsVisible = 0;
			defaultConfigurationName = Release;
		};
		2F52992529F20E0F0018B8CA /* Build configuration list for PBXNativeTarget "HabitTracker" */ = {
			isa = XCConfigurationList;
			buildConfigurations = (
				2F52992629F20E0F0018B8CA /* Debug */,
				2F52992729F20E0F0018B8CA /* Release */,
			);
			defaultConfigurationIsVisible = 0;
			defaultConfigurationName = Release;
		};
/* End XCConfigurationList section */

/* Begin XCRemoteSwiftPackageReference section */
		2F373BC22C0F73EA00E6C370 /* XCRemoteSwiftPackageReference "SwipeActions" */ = {
			isa = XCRemoteSwiftPackageReference;
			repositoryURL = "https://github.com/aheze/SwipeActions";
			requirement = {
				kind = upToNextMajorVersion;
				minimumVersion = 1.1.0;
			};
		};
		2F3BEA662C4171BB00B9062D /* XCRemoteSwiftPackageReference "SwiftMessages" */ = {
			isa = XCRemoteSwiftPackageReference;
			repositoryURL = "https://github.com/SwiftKickMobile/SwiftMessages";
			requirement = {
				kind = exactVersion;
				version = 10.0.0;
			};
		};
		2F5D86932BB1AAD5004AA466 /* XCRemoteSwiftPackageReference "PartialSheet" */ = {
			isa = XCRemoteSwiftPackageReference;
			repositoryURL = "https://github.com/AndreaMiotto/PartialSheet";
			requirement = {
				kind = upToNextMajorVersion;
				minimumVersion = 3.1.1;
			};
		};
		2F6B03932B90ED5600974518 /* XCRemoteSwiftPackageReference "SideMenu" */ = {
			isa = XCRemoteSwiftPackageReference;
			repositoryURL = "https://github.com/kukushi/SideMenu";
			requirement = {
				kind = upToNextMajorVersion;
				minimumVersion = 2.1.1;
			};
		};
		2FC7F29E2B2F3C9300B76A5A /* XCRemoteSwiftPackageReference "neumorphic" */ = {
			isa = XCRemoteSwiftPackageReference;
			repositoryURL = "https://github.com/costachung/neumorphic/";
			requirement = {
				kind = exactVersion;
				version = 1.0.0;
			};
		};
/* End XCRemoteSwiftPackageReference section */

/* Begin XCSwiftPackageProductDependency section */
		2F373BC32C0F73EA00E6C370 /* SwipeActions */ = {
			isa = XCSwiftPackageProductDependency;
			package = 2F373BC22C0F73EA00E6C370 /* XCRemoteSwiftPackageReference "SwipeActions" */;
			productName = SwipeActions;
		};
		2F3B83B82C49449100BCDE01 /* SwiftMessages */ = {
			isa = XCSwiftPackageProductDependency;
			package = 2F3BEA662C4171BB00B9062D /* XCRemoteSwiftPackageReference "SwiftMessages" */;
			productName = SwiftMessages;
		};
		2F5D86942BB1AAD5004AA466 /* PartialSheet */ = {
			isa = XCSwiftPackageProductDependency;
			package = 2F5D86932BB1AAD5004AA466 /* XCRemoteSwiftPackageReference "PartialSheet" */;
			productName = PartialSheet;
		};
		2FEA90E32B5BB81C00B45650 /* Neumorphic */ = {
			isa = XCSwiftPackageProductDependency;
			package = 2FC7F29E2B2F3C9300B76A5A /* XCRemoteSwiftPackageReference "neumorphic" */;
			productName = Neumorphic;
		};
/* End XCSwiftPackageProductDependency section */

/* Begin XCVersionGroup section */
		2F52990929F20E0E0018B8CA /* HabitTrackerDataModel.xcdatamodeld */ = {
			isa = XCVersionGroup;
			children = (
				2F52990A29F20E0E0018B8CA /* HabitTracker.xcdatamodel */,
			);
			currentVersion = 2F52990A29F20E0E0018B8CA /* HabitTracker.xcdatamodel */;
			path = HabitTrackerDataModel.xcdatamodeld;
			sourceTree = "<group>";
			versionGroupType = wrapper.xcdatamodel;
		};
/* End XCVersionGroup section */
	};
	rootObject = 2F5298F329F20E0A0018B8CA /* Project object */;
}
